// !$*UTF8*$!
{
	archiveVersion = 1;
	classes = {
	};
	objectVersion = 46;
	objects = {

/* Begin PBXAggregateTarget section */
		6FA01CBB61A44C72B9784829 /* ZERO_CHECK */ = {
			isa = PBXAggregateTarget;
			buildConfigurationList = F9806C6ADDA2478482781CD2 /* Build configuration list for PBXAggregateTarget "ZERO_CHECK" */;
			buildPhases = (
				73E50244381248514FC6D5D3 /* Generate CMakeFiles/ZERO_CHECK */,
			);
			dependencies = (
			);
			name = ZERO_CHECK;
			productName = ZERO_CHECK;
		};
		982127756E1446788CCE4117 /* ALL_BUILD */ = {
			isa = PBXAggregateTarget;
			buildConfigurationList = 76E0A517B5684B3CA8CFB22D /* Build configuration list for PBXAggregateTarget "ALL_BUILD" */;
			buildPhases = (
				EED443BA69DC50C026BDE472 /* Generate CMakeFiles/ALL_BUILD */,
			);
			dependencies = (
				89525AE82F484854884C4D3C /* PBXTargetDependency */,
				BC259C05906C47F384ADCFC6 /* PBXTargetDependency */,
			);
			name = ALL_BUILD;
			productName = ALL_BUILD;
		};
		F860818A05714B4F8B6CBF75 /* install */ = {
			isa = PBXAggregateTarget;
			buildConfigurationList = B75D224139D548009B9A581C /* Build configuration list for PBXAggregateTarget "install" */;
			buildPhases = (
				93426DA6A4AC2C2AC9CE883C /* CMake PostBuild Rules */,
			);
			dependencies = (
				13D0295331E84819B7BA6F3D /* PBXTargetDependency */,
			);
			name = install;
			productName = install;
		};
/* End PBXAggregateTarget section */

/* Begin PBXBuildFile section */
		263ED95566FA4BCE80B94163 /* /Volumes/Projects/Projects/GitHUB/projectZERO/src/hpc.cpp */ = {isa = PBXBuildFile; fileRef = EED9FDDB3D4945AA9A4CE1E6 /* /Volumes/Projects/Projects/GitHUB/projectZERO/src/hpc.cpp */; };
		8207551EA59E4A859AB7CDDA /* /Volumes/Projects/Projects/GitHUB/projectZERO/CMakeLists.txt */ = {isa = PBXBuildFile; fileRef = 5413D602145E4286AAF342C0 /* /Volumes/Projects/Projects/GitHUB/projectZERO/CMakeLists.txt */; };
		8E3119257DA948BDBDDBFAAE /* /Volumes/Projects/Projects/GitHUB/projectZERO/common/crTypes.h */ = {isa = PBXBuildFile; fileRef = FD74B1CF23EB4BD99A38B8EA /* /Volumes/Projects/Projects/GitHUB/projectZERO/common/crTypes.h */; };
		9826842F6DDB469B9A7A8000 /* /Volumes/Projects/Projects/GitHUB/projectZERO/include */ = {isa = PBXBuildFile; fileRef = 942AF74A770B422B9F0F8235 /* /Volumes/Projects/Projects/GitHUB/projectZERO/include */; };
		BB66EEFD31924F1ABA21D0F0 /* /Volumes/Projects/Projects/GitHUB/projectZERO/src/projectZERO.cpp */ = {isa = PBXBuildFile; fileRef = 8232CC9C90DF4949A141DBDF /* /Volumes/Projects/Projects/GitHUB/projectZERO/src/projectZERO.cpp */; };
		C2FDA17CA6B74FC7A1970F4E /* /Volumes/Projects/Projects/GitHUB/projectZERO/src/text.cpp */ = {isa = PBXBuildFile; fileRef = 37241FEE0BB243DBB212B8B3 /* /Volumes/Projects/Projects/GitHUB/projectZERO/src/text.cpp */; };
/* End PBXBuildFile section */

/* Begin PBXBuildStyle section */
		4A24BD6818034AD394EE7FCA /* MinSizeRel */ = {
			isa = PBXBuildStyle;
			buildSettings = {
				COPY_PHASE_STRIP = NO;
			};
			name = MinSizeRel;
		};
		4A78F24AABF44AF4A1A6C232 /* RelWithDebInfo */ = {
			isa = PBXBuildStyle;
			buildSettings = {
				COPY_PHASE_STRIP = NO;
			};
			name = RelWithDebInfo;
		};
		7CE7B83FC31C42D7A4C438BA /* Release */ = {
			isa = PBXBuildStyle;
			buildSettings = {
				COPY_PHASE_STRIP = NO;
			};
			name = Release;
		};
		9CC1EEC4D5F040F6ADFB685C /* Debug */ = {
			isa = PBXBuildStyle;
			buildSettings = {
				COPY_PHASE_STRIP = NO;
			};
			name = Debug;
		};
/* End PBXBuildStyle section */

/* Begin PBXContainerItemProxy section */
		82ED947162B1436997054483 /* PBXContainerItemProxy */ = {
			isa = PBXContainerItemProxy;
			containerPortal = 2BD53AAC06DB4D07A1943BF5 /* Project object */;
			proxyType = 1;
			remoteGlobalIDString = 982127756E1446788CCE4117;
			remoteInfo = ALL_BUILD;
		};
		8E5F9CAA69844814B4E55BB4 /* PBXContainerItemProxy */ = {
			isa = PBXContainerItemProxy;
			containerPortal = 2BD53AAC06DB4D07A1943BF5 /* Project object */;
			proxyType = 1;
			remoteGlobalIDString = 6FA01CBB61A44C72B9784829;
			remoteInfo = ZERO_CHECK;
		};
		D831832084694EA8B2EDF4B7 /* PBXContainerItemProxy */ = {
			isa = PBXContainerItemProxy;
			containerPortal = 2BD53AAC06DB4D07A1943BF5 /* Project object */;
			proxyType = 1;
			remoteGlobalIDString = FA064B336B74424696DD2201;
			remoteInfo = projectZERO;
		};
		D9DD5EEFD3AB440F96C2080F /* PBXContainerItemProxy */ = {
			isa = PBXContainerItemProxy;
			containerPortal = 2BD53AAC06DB4D07A1943BF5 /* Project object */;
			proxyType = 1;
			remoteGlobalIDString = 6FA01CBB61A44C72B9784829;
			remoteInfo = ZERO_CHECK;
		};
/* End PBXContainerItemProxy section */

/* Begin PBXFileReference section */
		37241FEE0BB243DBB212B8B3 /* /Volumes/Projects/Projects/GitHUB/projectZERO/src/text.cpp */ = {isa = PBXFileReference; explicitFileType = sourcecode.cpp.cpp; fileEncoding = 4; name = text.cpp; path = src/text.cpp; sourceTree = SOURCE_ROOT; };
		5413D602145E4286AAF342C0 /* /Volumes/Projects/Projects/GitHUB/projectZERO/CMakeLists.txt */ = {isa = PBXFileReference; explicitFileType = sourcecode.text; fileEncoding = 4; name = CMakeLists.txt; path = CMakeLists.txt; sourceTree = SOURCE_ROOT; };
		8232CC9C90DF4949A141DBDF /* /Volumes/Projects/Projects/GitHUB/projectZERO/src/projectZERO.cpp */ = {isa = PBXFileReference; explicitFileType = sourcecode.cpp.cpp; fileEncoding = 4; name = projectZERO.cpp; path = src/projectZERO.cpp; sourceTree = SOURCE_ROOT; };
		84C916D080DA4FCD950F583C /* projectZERO */ = {isa = PBXFileReference; explicitFileType = "compiled.mach-o.executable"; path = projectZERO; sourceTree = BUILT_PRODUCTS_DIR; };
		942AF74A770B422B9F0F8235 /* /Volumes/Projects/Projects/GitHUB/projectZERO/include */ = {isa = PBXFileReference; fileEncoding = 4; lastKnownFileType = folder; name = include; path = include; sourceTree = SOURCE_ROOT; };
		E68C99E1CB0B4D74A9008862 /* /Volumes/Projects/Projects/GitHUB/projectZERO/CMakeLists.txt */ = {isa = PBXFileReference; explicitFileType = sourcecode.text; fileEncoding = 4; name = CMakeLists.txt; path = CMakeLists.txt; sourceTree = SOURCE_ROOT; };
		EED9FDDB3D4945AA9A4CE1E6 /* /Volumes/Projects/Projects/GitHUB/projectZERO/src/hpc.cpp */ = {isa = PBXFileReference; explicitFileType = sourcecode.cpp.cpp; fileEncoding = 4; name = hpc.cpp; path = src/hpc.cpp; sourceTree = SOURCE_ROOT; };
		FD74B1CF23EB4BD99A38B8EA /* /Volumes/Projects/Projects/GitHUB/projectZERO/common/crTypes.h */ = {isa = PBXFileReference; explicitFileType = sourcecode.c.h; fileEncoding = 4; name = crTypes.h; path = common/crTypes.h; sourceTree = SOURCE_ROOT; };
/* End PBXFileReference section */

/* Begin PBXFrameworksBuildPhase section */
		D7A710A6870A467DB7853011 /* Frameworks */ = {
			isa = PBXFrameworksBuildPhase;
			buildActionMask = 2147483647;
			files = (
			);
			runOnlyForDeploymentPostprocessing = 0;
		};
/* End PBXFrameworksBuildPhase section */

/* Begin PBXGroup section */
		1151C07A71F14A088BF6D552 = {
			isa = PBXGroup;
			children = (
				EC35C0542F4D466993414DF0 /* projectZERO */,
				BD2E209E7EBE407895B76FDD /* ALL_BUILD */,
				AA844CF2AC30450CBD9E3E3A /* Products */,
				D3CF277356E54EE4817E3527 /* Frameworks */,
			);
			sourceTree = "<group>";
		};
		431252E9A0DD4C1E8228C466 /* Source Files */ = {
			isa = PBXGroup;
			children = (
				EED9FDDB3D4945AA9A4CE1E6 /* /Volumes/Projects/Projects/GitHUB/projectZERO/src/hpc.cpp */,
				8232CC9C90DF4949A141DBDF /* /Volumes/Projects/Projects/GitHUB/projectZERO/src/projectZERO.cpp */,
				37241FEE0BB243DBB212B8B3 /* /Volumes/Projects/Projects/GitHUB/projectZERO/src/text.cpp */,
			);
			name = "Source Files";
			sourceTree = "<group>";
		};
		AA844CF2AC30450CBD9E3E3A /* Products */ = {
			isa = PBXGroup;
			children = (
				84C916D080DA4FCD950F583C /* projectZERO */,
			);
			name = Products;
			sourceTree = "<group>";
		};
		BD2E209E7EBE407895B76FDD /* ALL_BUILD */ = {
			isa = PBXGroup;
			children = (
				F212E168E5F64C7D84BE8B73 /* CMake Rules */,
				E68C99E1CB0B4D74A9008862 /* /Volumes/Projects/Projects/GitHUB/projectZERO/CMakeLists.txt */,
			);
			name = ALL_BUILD;
			sourceTree = "<group>";
		};
		D3CF277356E54EE4817E3527 /* Frameworks */ = {
			isa = PBXGroup;
			children = (
			);
			name = Frameworks;
			sourceTree = "<group>";
		};
		EC35C0542F4D466993414DF0 /* projectZERO */ = {
			isa = PBXGroup;
			children = (
				431252E9A0DD4C1E8228C466 /* Source Files */,
				FFB84955DBDB4CD8972C7968 /* common */,
				5413D602145E4286AAF342C0 /* /Volumes/Projects/Projects/GitHUB/projectZERO/CMakeLists.txt */,
				942AF74A770B422B9F0F8235 /* /Volumes/Projects/Projects/GitHUB/projectZERO/include */,
			);
			name = projectZERO;
			sourceTree = "<group>";
		};
		F212E168E5F64C7D84BE8B73 /* CMake Rules */ = {
			isa = PBXGroup;
			children = (
			);
			name = "CMake Rules";
			sourceTree = "<group>";
		};
		FFB84955DBDB4CD8972C7968 /* common */ = {
			isa = PBXGroup;
			children = (
				FD74B1CF23EB4BD99A38B8EA /* /Volumes/Projects/Projects/GitHUB/projectZERO/common/crTypes.h */,
			);
			name = common;
			sourceTree = "<group>";
		};
/* End PBXGroup section */

/* Begin PBXNativeTarget section */
		FA064B336B74424696DD2201 /* projectZERO */ = {
			isa = PBXNativeTarget;
			buildConfigurationList = 01C3AB4008D744C5858B2BF8 /* Build configuration list for PBXNativeTarget "projectZERO" */;
			buildPhases = (
				DF058C68B270026CBA2196AD /* CMake PreBuild Rules */,
				F9F0215FF3244846AFE59F5D /* Sources */,
				D7A710A6870A467DB7853011 /* Frameworks */,
			);
			buildRules = (
			);
			dependencies = (
				81785904B18F4C8A9A401348 /* PBXTargetDependency */,
			);
			name = projectZERO;
			productName = projectZERO;
			productReference = 84C916D080DA4FCD950F583C /* projectZERO */;
			productType = "com.apple.product-type.tool";
		};
/* End PBXNativeTarget section */

/* Begin PBXProject section */
		2BD53AAC06DB4D07A1943BF5 /* Project object */ = {
			isa = PBXProject;
			attributes = {
				BuildIndependentTargetsInParallel = YES;
				LastUpgradeCheck = 1430;
			};
			buildConfigurationList = 5230FECAB99F400083231F1B /* Build configuration list for PBXProject "projectZERO" */;
			buildSettings = {
			};
			buildStyles = (
				9CC1EEC4D5F040F6ADFB685C /* Debug */,
				7CE7B83FC31C42D7A4C438BA /* Release */,
				4A24BD6818034AD394EE7FCA /* MinSizeRel */,
				4A78F24AABF44AF4A1A6C232 /* RelWithDebInfo */,
			);
			compatibilityVersion = "Xcode 3.2";
			hasScannedForEncodings = 0;
			mainGroup = 1151C07A71F14A088BF6D552;
			projectDirPath = /Volumes/Projects/Projects/GitHUB/projectZERO;
			projectRoot = "";
			targets = (
				982127756E1446788CCE4117 /* ALL_BUILD */,
				6FA01CBB61A44C72B9784829 /* ZERO_CHECK */,
				F860818A05714B4F8B6CBF75 /* install */,
				FA064B336B74424696DD2201 /* projectZERO */,
			);
		};
/* End PBXProject section */

/* Begin PBXShellScriptBuildPhase section */
		3C0110FC8322DE7E50886E21 = {
			isa = PBXShellScriptBuildPhase;
			buildActionMask = 2147483647;
			files = (
			);
			inputPaths = (
			);
			outputPaths = (
			);
			runOnlyForDeploymentPostprocessing = 0;
			shellPath = /bin/sh;
			shellScript = "# shell script goes here
exit 0";
			showEnvVarsInLog = 0;
		};
		73E50244381248514FC6D5D3 /* Generate CMakeFiles/ZERO_CHECK */ = {
			isa = PBXShellScriptBuildPhase;
			alwaysOutOfDate = 1;
			buildActionMask = 2147483647;
			files = (
			);
			inputPaths = (
			);
			name = "Generate CMakeFiles/ZERO_CHECK";
			outputPaths = (
/Volumes/Projects/Projects/GitHUB/projectZERO/build_mac/CMakeFiles/ZERO_CHECK			);
			runOnlyForDeploymentPostprocessing = 0;
			shellPath = /bin/sh;
			shellScript = "set -e
if test \"$CONFIGURATION\" = \"Debug\"; then :
  cd /Volumes/Projects/Projects/GitHUB/projectZERO/build_mac
  make -f /Volumes/Projects/Projects/GitHUB/projectZERO/build_mac/CMakeScripts/ReRunCMake.make
fi
if test \"$CONFIGURATION\" = \"Release\"; then :
  cd /Volumes/Projects/Projects/GitHUB/projectZERO/build_mac
  make -f /Volumes/Projects/Projects/GitHUB/projectZERO/build_mac/CMakeScripts/ReRunCMake.make
fi
if test \"$CONFIGURATION\" = \"MinSizeRel\"; then :
  cd /Volumes/Projects/Projects/GitHUB/projectZERO/build_mac
  make -f /Volumes/Projects/Projects/GitHUB/projectZERO/build_mac/CMakeScripts/ReRunCMake.make
fi
if test \"$CONFIGURATION\" = \"RelWithDebInfo\"; then :
  cd /Volumes/Projects/Projects/GitHUB/projectZERO/build_mac
  make -f /Volumes/Projects/Projects/GitHUB/projectZERO/build_mac/CMakeScripts/ReRunCMake.make
fi
";
			showEnvVarsInLog = 0;
		};
		87AF4882E018677E2624B544 = {
			isa = PBXShellScriptBuildPhase;
			buildActionMask = 2147483647;
			files = (
			);
			inputPaths = (
			);
			outputPaths = (
			);
			runOnlyForDeploymentPostprocessing = 0;
			shellPath = /bin/sh;
			shellScript = "# shell script goes here
exit 0";
			showEnvVarsInLog = 0;
		};
		93426DA6A4AC2C2AC9CE883C /* CMake PostBuild Rules */ = {
			isa = PBXShellScriptBuildPhase;
			alwaysOutOfDate = 1;
			buildActionMask = 2147483647;
			files = (
			);
			name = "CMake PostBuild Rules";
			outputPaths = (
			);
			runOnlyForDeploymentPostprocessing = 0;
			shellPath = /bin/sh;
			shellScript = "set -e
if test \"$CONFIGURATION\" = \"Debug\"; then :
  cd /Volumes/Projects/Projects/GitHUB/projectZERO/build_mac
  /Applications/CMake.app/Contents/bin/cmake -DBUILD_TYPE=$CONFIGURATION$EFFECTIVE_PLATFORM_NAME -P cmake_install.cmake
fi
if test \"$CONFIGURATION\" = \"Release\"; then :
  cd /Volumes/Projects/Projects/GitHUB/projectZERO/build_mac
  /Applications/CMake.app/Contents/bin/cmake -DBUILD_TYPE=$CONFIGURATION$EFFECTIVE_PLATFORM_NAME -P cmake_install.cmake
fi
if test \"$CONFIGURATION\" = \"MinSizeRel\"; then :
  cd /Volumes/Projects/Projects/GitHUB/projectZERO/build_mac
  /Applications/CMake.app/Contents/bin/cmake -DBUILD_TYPE=$CONFIGURATION$EFFECTIVE_PLATFORM_NAME -P cmake_install.cmake
fi
if test \"$CONFIGURATION\" = \"RelWithDebInfo\"; then :
  cd /Volumes/Projects/Projects/GitHUB/projectZERO/build_mac
  /Applications/CMake.app/Contents/bin/cmake -DBUILD_TYPE=$CONFIGURATION$EFFECTIVE_PLATFORM_NAME -P cmake_install.cmake
fi
";
			showEnvVarsInLog = 0;
		};
		9B50530E35CC49C82C2FACCF = {
			isa = PBXShellScriptBuildPhase;
			buildActionMask = 2147483647;
			files = (
			);
			inputPaths = (
			);
			outputPaths = (
			);
			runOnlyForDeploymentPostprocessing = 0;
			shellPath = /bin/sh;
			shellScript = "# shell script goes here
exit 0";
			showEnvVarsInLog = 0;
		};
		DF058C68B270026CBA2196AD /* CMake PreBuild Rules */ = {
			isa = PBXShellScriptBuildPhase;
			alwaysOutOfDate = 1;
			buildActionMask = 2147483647;
			files = (
			);
			name = "CMake PreBuild Rules";
			outputPaths = (
			);
			runOnlyForDeploymentPostprocessing = 0;
			shellPath = /bin/sh;
			shellScript = "set -e
if test \"$CONFIGURATION\" = \"Debug\"; then :
  cd /Volumes/Projects/Projects/GitHUB/projectZERO/build_mac
  /Applications/CMake.app/Contents/bin/cmake -E make_directory /Volumes/Projects/Projects/GitHUB/projectZERO/build_mac/Debug/libraries
  /Applications/CMake.app/Contents/bin/cmake -E make_directory /Volumes/Projects/Projects/GitHUB/projectZERO/build_mac/Debug/models
  /Applications/CMake.app/Contents/bin/cmake -E copy_directory /Volumes/Projects/Projects/GitHUB/projectZERO/external/libraries /Volumes/Projects/Projects/GitHUB/projectZERO/build_mac/Debug/libraries/
  /Applications/CMake.app/Contents/bin/cmake -E copy_directory /Volumes/Projects/Projects/GitHUB/projectZERO/external/models /Volumes/Projects/Projects/GitHUB/projectZERO/build_mac/Debug/models/
  /Applications/CMake.app/Contents/bin/cmake -E copy_directory /Volumes/Projects/Projects/GitHUB/projectZERO/external /Volumes/Projects/Projects/GitHUB/projectZERO/build_mac/Debug
fi
if test \"$CONFIGURATION\" = \"Release\"; then :
  cd /Volumes/Projects/Projects/GitHUB/projectZERO/build_mac
  /Applications/CMake.app/Contents/bin/cmake -E make_directory /Volumes/Projects/Projects/GitHUB/projectZERO/build_mac/Release/libraries
  /Applications/CMake.app/Contents/bin/cmake -E make_directory /Volumes/Projects/Projects/GitHUB/projectZERO/build_mac/Release/models
  /Applications/CMake.app/Contents/bin/cmake -E copy_directory /Volumes/Projects/Projects/GitHUB/projectZERO/external/libraries /Volumes/Projects/Projects/GitHUB/projectZERO/build_mac/Release/libraries/
  /Applications/CMake.app/Contents/bin/cmake -E copy_directory /Volumes/Projects/Projects/GitHUB/projectZERO/external/models /Volumes/Projects/Projects/GitHUB/projectZERO/build_mac/Release/models/
  /Applications/CMake.app/Contents/bin/cmake -E copy_directory /Volumes/Projects/Projects/GitHUB/projectZERO/external /Volumes/Projects/Projects/GitHUB/projectZERO/build_mac/Release
fi
if test \"$CONFIGURATION\" = \"MinSizeRel\"; then :
  cd /Volumes/Projects/Projects/GitHUB/projectZERO/build_mac
  /Applications/CMake.app/Contents/bin/cmake -E make_directory /Volumes/Projects/Projects/GitHUB/projectZERO/build_mac/MinSizeRel/libraries
  /Applications/CMake.app/Contents/bin/cmake -E make_directory /Volumes/Projects/Projects/GitHUB/projectZERO/build_mac/MinSizeRel/models
  /Applications/CMake.app/Contents/bin/cmake -E copy_directory /Volumes/Projects/Projects/GitHUB/projectZERO/external/libraries /Volumes/Projects/Projects/GitHUB/projectZERO/build_mac/MinSizeRel/libraries/
  /Applications/CMake.app/Contents/bin/cmake -E copy_directory /Volumes/Projects/Projects/GitHUB/projectZERO/external/models /Volumes/Projects/Projects/GitHUB/projectZERO/build_mac/MinSizeRel/models/
  /Applications/CMake.app/Contents/bin/cmake -E copy_directory /Volumes/Projects/Projects/GitHUB/projectZERO/external /Volumes/Projects/Projects/GitHUB/projectZERO/build_mac/MinSizeRel
fi
if test \"$CONFIGURATION\" = \"RelWithDebInfo\"; then :
  cd /Volumes/Projects/Projects/GitHUB/projectZERO/build_mac
  /Applications/CMake.app/Contents/bin/cmake -E make_directory /Volumes/Projects/Projects/GitHUB/projectZERO/build_mac/RelWithDebInfo/libraries
  /Applications/CMake.app/Contents/bin/cmake -E make_directory /Volumes/Projects/Projects/GitHUB/projectZERO/build_mac/RelWithDebInfo/models
  /Applications/CMake.app/Contents/bin/cmake -E copy_directory /Volumes/Projects/Projects/GitHUB/projectZERO/external/libraries /Volumes/Projects/Projects/GitHUB/projectZERO/build_mac/RelWithDebInfo/libraries/
  /Applications/CMake.app/Contents/bin/cmake -E copy_directory /Volumes/Projects/Projects/GitHUB/projectZERO/external/models /Volumes/Projects/Projects/GitHUB/projectZERO/build_mac/RelWithDebInfo/models/
  /Applications/CMake.app/Contents/bin/cmake -E copy_directory /Volumes/Projects/Projects/GitHUB/projectZERO/external /Volumes/Projects/Projects/GitHUB/projectZERO/build_mac/RelWithDebInfo
fi
";
			showEnvVarsInLog = 0;
		};
		EED443BA69DC50C026BDE472 /* Generate CMakeFiles/ALL_BUILD */ = {
			isa = PBXShellScriptBuildPhase;
			alwaysOutOfDate = 1;
			buildActionMask = 2147483647;
			files = (
			);
			inputPaths = (
			);
			name = "Generate CMakeFiles/ALL_BUILD";
			outputPaths = (
/Volumes/Projects/Projects/GitHUB/projectZERO/build_mac/CMakeFiles/ALL_BUILD			);
			runOnlyForDeploymentPostprocessing = 0;
			shellPath = /bin/sh;
			shellScript = "set -e
if test \"$CONFIGURATION\" = \"Debug\"; then :
  cd /Volumes/Projects/Projects/GitHUB/projectZERO/build_mac
  echo Build\\ all\\ projects
fi
if test \"$CONFIGURATION\" = \"Release\"; then :
  cd /Volumes/Projects/Projects/GitHUB/projectZERO/build_mac
  echo Build\\ all\\ projects
fi
if test \"$CONFIGURATION\" = \"MinSizeRel\"; then :
  cd /Volumes/Projects/Projects/GitHUB/projectZERO/build_mac
  echo Build\\ all\\ projects
fi
if test \"$CONFIGURATION\" = \"RelWithDebInfo\"; then :
  cd /Volumes/Projects/Projects/GitHUB/projectZERO/build_mac
  echo Build\\ all\\ projects
fi
";
			showEnvVarsInLog = 0;
		};
/* End PBXShellScriptBuildPhase section */

/* Begin PBXSourcesBuildPhase section */
		F9F0215FF3244846AFE59F5D /* Sources */ = {
			isa = PBXSourcesBuildPhase;
			buildActionMask = 2147483647;
			files = (
				263ED95566FA4BCE80B94163 /* /Volumes/Projects/Projects/GitHUB/projectZERO/src/hpc.cpp */,
				BB66EEFD31924F1ABA21D0F0 /* /Volumes/Projects/Projects/GitHUB/projectZERO/src/projectZERO.cpp */,
				C2FDA17CA6B74FC7A1970F4E /* /Volumes/Projects/Projects/GitHUB/projectZERO/src/text.cpp */,
			);
			runOnlyForDeploymentPostprocessing = 0;
		};
/* End PBXSourcesBuildPhase section */

/* Begin PBXTargetDependency section */
		13D0295331E84819B7BA6F3D /* PBXTargetDependency */ = {
			isa = PBXTargetDependency;
			target = 982127756E1446788CCE4117 /* ALL_BUILD */;
			targetProxy = 82ED947162B1436997054483 /* PBXContainerItemProxy */;
		};
		81785904B18F4C8A9A401348 /* PBXTargetDependency */ = {
			isa = PBXTargetDependency;
			target = 6FA01CBB61A44C72B9784829 /* ZERO_CHECK */;
			targetProxy = D9DD5EEFD3AB440F96C2080F /* PBXContainerItemProxy */;
		};
		89525AE82F484854884C4D3C /* PBXTargetDependency */ = {
			isa = PBXTargetDependency;
			target = 6FA01CBB61A44C72B9784829 /* ZERO_CHECK */;
			targetProxy = 8E5F9CAA69844814B4E55BB4 /* PBXContainerItemProxy */;
		};
		BC259C05906C47F384ADCFC6 /* PBXTargetDependency */ = {
			isa = PBXTargetDependency;
			target = FA064B336B74424696DD2201 /* projectZERO */;
			targetProxy = D831832084694EA8B2EDF4B7 /* PBXContainerItemProxy */;
		};
/* End PBXTargetDependency section */

/* Begin XCBuildConfiguration section */
		051BDE49034147519ABFA303 /* RelWithDebInfo */ = {
			isa = XCBuildConfiguration;
			buildSettings = {
				ALWAYS_SEARCH_USER_PATHS = NO;
				ARCHS = arm64;
				COMBINE_HIDPI_IMAGES = YES;
				GCC_GENERATE_DEBUGGING_SYMBOLS = YES;
				GCC_INLINES_ARE_PRIVATE_EXTERN = NO;
				GCC_OPTIMIZATION_LEVEL = 0;
				GCC_PREPROCESSOR_DEFINITIONS = ("'CMAKE_INTDIR=\"$(CONFIGURATION)$(EFFECTIVE_PLATFORM_NAME)\"'","$(inherited)");
				GCC_SYMBOLS_PRIVATE_EXTERN = NO;
				INSTALL_PATH = "";
				ONLY_ACTIVE_ARCH = NO;
				OTHER_LDFLAGS = ("","$(inherited)");
				OTHER_REZFLAGS = "";
				PRODUCT_NAME = ZERO_CHECK;
				SECTORDER_FLAGS = "";
				USE_HEADERMAP = NO;
				WARNING_CFLAGS = ("$(inherited)");
			};
			name = RelWithDebInfo;
		};
		1526E473405A4D26B25B9CAF /* RelWithDebInfo */ = {
			isa = XCBuildConfiguration;
			buildSettings = {
				ALWAYS_SEARCH_USER_PATHS = NO;
				ARCHS = arm64;
				COMBINE_HIDPI_IMAGES = YES;
				GCC_GENERATE_DEBUGGING_SYMBOLS = YES;
				GCC_INLINES_ARE_PRIVATE_EXTERN = NO;
				GCC_OPTIMIZATION_LEVEL = 0;
				GCC_PREPROCESSOR_DEFINITIONS = ("'CMAKE_INTDIR=\"$(CONFIGURATION)$(EFFECTIVE_PLATFORM_NAME)\"'","$(inherited)");
				GCC_SYMBOLS_PRIVATE_EXTERN = NO;
				INSTALL_PATH = "";
				ONLY_ACTIVE_ARCH = NO;
				OTHER_LDFLAGS = ("","$(inherited)");
				OTHER_REZFLAGS = "";
				PRODUCT_NAME = ALL_BUILD;
				SECTORDER_FLAGS = "";
				USE_HEADERMAP = NO;
				WARNING_CFLAGS = ("$(inherited)");
			};
			name = RelWithDebInfo;
		};
		2C0EC650E6D44826B0F4E5BE /* Debug */ = {
			isa = XCBuildConfiguration;
			buildSettings = {
				ALWAYS_SEARCH_USER_PATHS = NO;
				ARCHS = arm64;
				COMBINE_HIDPI_IMAGES = YES;
				GCC_GENERATE_DEBUGGING_SYMBOLS = YES;
				GCC_INLINES_ARE_PRIVATE_EXTERN = NO;
				GCC_OPTIMIZATION_LEVEL = 0;
				GCC_PREPROCESSOR_DEFINITIONS = ("'CMAKE_INTDIR=\"$(CONFIGURATION)$(EFFECTIVE_PLATFORM_NAME)\"'","$(inherited)");
				GCC_SYMBOLS_PRIVATE_EXTERN = NO;
				INSTALL_PATH = "";
				ONLY_ACTIVE_ARCH = NO;
				OTHER_LDFLAGS = ("","$(inherited)");
				OTHER_REZFLAGS = "";
				PRODUCT_NAME = ZERO_CHECK;
				SECTORDER_FLAGS = "";
				USE_HEADERMAP = NO;
				WARNING_CFLAGS = ("$(inherited)");
			};
			name = Debug;
		};
		343DC0FB86104807856CE17F /* MinSizeRel */ = {
			isa = XCBuildConfiguration;
			buildSettings = {
				ARCHS = arm64;
				MACOSX_DEPLOYMENT_TARGET = 13.3;
				SDKROOT = /Applications/Xcode.app/Contents/Developer/Platforms/MacOSX.platform/Developer/SDKs/MacOSX13.3.sdk;
				SWIFT_COMPILATION_MODE = wholemodule;
				SYMROOT = /Volumes/Projects/Projects/GitHUB/projectZERO/build_mac/build;
			};
			name = MinSizeRel;
		};
		52EE44867461437DB82E88EE /* Release */ = {
			isa = XCBuildConfiguration;
			buildSettings = {
				ALWAYS_SEARCH_USER_PATHS = NO;
				ARCHS = arm64;
				COMBINE_HIDPI_IMAGES = YES;
				GCC_GENERATE_DEBUGGING_SYMBOLS = YES;
				GCC_INLINES_ARE_PRIVATE_EXTERN = NO;
				GCC_OPTIMIZATION_LEVEL = 0;
				GCC_PREPROCESSOR_DEFINITIONS = ("'CMAKE_INTDIR=\"$(CONFIGURATION)$(EFFECTIVE_PLATFORM_NAME)\"'","$(inherited)");
				GCC_SYMBOLS_PRIVATE_EXTERN = NO;
				INSTALL_PATH = "";
				ONLY_ACTIVE_ARCH = NO;
				OTHER_LDFLAGS = ("","$(inherited)");
				OTHER_REZFLAGS = "";
				PRODUCT_NAME = ALL_BUILD;
				SECTORDER_FLAGS = "";
				USE_HEADERMAP = NO;
				WARNING_CFLAGS = ("$(inherited)");
			};
			name = Release;
		};
		7342AFB7CC0245D69694E6FB /* Release */ = {
			isa = XCBuildConfiguration;
			buildSettings = {
				ARCHS = arm64;
				MACOSX_DEPLOYMENT_TARGET = 13.3;
				SDKROOT = /Applications/Xcode.app/Contents/Developer/Platforms/MacOSX.platform/Developer/SDKs/MacOSX13.3.sdk;
				SWIFT_COMPILATION_MODE = wholemodule;
				SYMROOT = /Volumes/Projects/Projects/GitHUB/projectZERO/build_mac/build;
			};
			name = Release;
		};
		7C1101CBAE424A78905A36DA /* Debug */ = {
			isa = XCBuildConfiguration;
			buildSettings = {
				ALWAYS_SEARCH_USER_PATHS = NO;
				ARCHS = arm64;
				COMBINE_HIDPI_IMAGES = YES;
				GCC_GENERATE_DEBUGGING_SYMBOLS = YES;
				GCC_INLINES_ARE_PRIVATE_EXTERN = NO;
				GCC_OPTIMIZATION_LEVEL = 0;
				GCC_PREPROCESSOR_DEFINITIONS = ("'CMAKE_INTDIR=\"$(CONFIGURATION)$(EFFECTIVE_PLATFORM_NAME)\"'","$(inherited)");
				GCC_SYMBOLS_PRIVATE_EXTERN = NO;
				INSTALL_PATH = "";
				ONLY_ACTIVE_ARCH = NO;
				OTHER_LDFLAGS = ("","$(inherited)");
				OTHER_REZFLAGS = "";
				PRODUCT_NAME = ALL_BUILD;
				SECTORDER_FLAGS = "";
				USE_HEADERMAP = NO;
				WARNING_CFLAGS = ("$(inherited)");
			};
			name = Debug;
		};
		9268A3EF5DBD4B618B052F28 /* Release */ = {
			isa = XCBuildConfiguration;
			buildSettings = {
				ALWAYS_SEARCH_USER_PATHS = NO;
				ARCHS = arm64;
				COMBINE_HIDPI_IMAGES = YES;
				GCC_GENERATE_DEBUGGING_SYMBOLS = YES;
				GCC_INLINES_ARE_PRIVATE_EXTERN = NO;
				GCC_OPTIMIZATION_LEVEL = 0;
				GCC_PREPROCESSOR_DEFINITIONS = ("'CMAKE_INTDIR=\"$(CONFIGURATION)$(EFFECTIVE_PLATFORM_NAME)\"'","$(inherited)");
				GCC_SYMBOLS_PRIVATE_EXTERN = NO;
				INSTALL_PATH = "";
				ONLY_ACTIVE_ARCH = NO;
				OTHER_LDFLAGS = ("","$(inherited)");
				OTHER_REZFLAGS = "";
				PRODUCT_NAME = ZERO_CHECK;
				SECTORDER_FLAGS = "";
				USE_HEADERMAP = NO;
				WARNING_CFLAGS = ("$(inherited)");
			};
			name = Release;
		};
		B55EC8EA210A44A8AC768034 /* RelWithDebInfo */ = {
			isa = XCBuildConfiguration;
			buildSettings = {
				ALWAYS_SEARCH_USER_PATHS = NO;
				ARCHS = arm64;
				COMBINE_HIDPI_IMAGES = YES;
				CONFIGURATION_BUILD_DIR = /Volumes/Projects/Projects/GitHUB/projectZERO/build_mac/RelWithDebInfo;
				EXECUTABLE_PREFIX = "";
				EXECUTABLE_SUFFIX = "";
				GCC_GENERATE_DEBUGGING_SYMBOLS = YES;
				GCC_INLINES_ARE_PRIVATE_EXTERN = NO;
				GCC_OPTIMIZATION_LEVEL = 2;
				GCC_PREPROCESSOR_DEFINITIONS = ("'CMAKE_INTDIR=\"$(CONFIGURATION)$(EFFECTIVE_PLATFORM_NAME)\"'","$(inherited)");
				GCC_SYMBOLS_PRIVATE_EXTERN = NO;
				HEADER_SEARCH_PATHS = (/Volumes/Projects/Projects/GitHUB/projectZERO/common,/Volumes/Projects/Projects/GitHUB/projectZERO/include,"$(inherited)");
				INSTALL_PATH = "";
				LD_RUNPATH_SEARCH_PATHS = ("@executable_path","$(inherited)");
				ONLY_ACTIVE_ARCH = NO;
				OTHER_CPLUSPLUSFLAGS = "       -DNDEBUG '-std=c++17' -fsigned-char ";
				OTHER_LDFLAGS = (" -Wl,-search_paths_first -Wl,-headerpad_max_install_names","$(inherited)");
				OTHER_REZFLAGS = "";
				PRODUCT_NAME = projectZERO;
				SECTORDER_FLAGS = "";
				TARGET_TEMP_DIR = "/Volumes/Projects/Projects/GitHUB/projectZERO/build_mac/build/projectZERO.build/$(CONFIGURATION)$(EFFECTIVE_PLATFORM_NAME)";
				USE_HEADERMAP = NO;
				WARNING_CFLAGS = ("$(inherited)");
			};
			name = RelWithDebInfo;
		};
		B77893EF8FD646C5A977DE00 /* Debug */ = {
			isa = XCBuildConfiguration;
			buildSettings = {
				ALWAYS_SEARCH_USER_PATHS = NO;
				ARCHS = arm64;
				COMBINE_HIDPI_IMAGES = YES;
				CONFIGURATION_BUILD_DIR = /Volumes/Projects/Projects/GitHUB/projectZERO/build_mac/Debug;
				EXECUTABLE_PREFIX = "";
				EXECUTABLE_SUFFIX = "";
				GCC_GENERATE_DEBUGGING_SYMBOLS = YES;
				GCC_INLINES_ARE_PRIVATE_EXTERN = NO;
				GCC_OPTIMIZATION_LEVEL = 0;
				GCC_PREPROCESSOR_DEFINITIONS = ("'CMAKE_INTDIR=\"$(CONFIGURATION)$(EFFECTIVE_PLATFORM_NAME)\"'","$(inherited)");
				GCC_SYMBOLS_PRIVATE_EXTERN = NO;
				HEADER_SEARCH_PATHS = (/Volumes/Projects/Projects/GitHUB/projectZERO/common,/Volumes/Projects/Projects/GitHUB/projectZERO/include,"$(inherited)");
				INSTALL_PATH = "";
				LD_RUNPATH_SEARCH_PATHS = ("@executable_path","$(inherited)");
				ONLY_ACTIVE_ARCH = NO;
				OTHER_CPLUSPLUSFLAGS = "   '-std=c++17' -fsigned-char ";
				OTHER_LDFLAGS = (" -Wl,-search_paths_first -Wl,-headerpad_max_install_names","$(inherited)");
				OTHER_REZFLAGS = "";
				PRODUCT_NAME = projectZERO;
				SECTORDER_FLAGS = "";
				TARGET_TEMP_DIR = "/Volumes/Projects/Projects/GitHUB/projectZERO/build_mac/build/projectZERO.build/$(CONFIGURATION)$(EFFECTIVE_PLATFORM_NAME)";
				USE_HEADERMAP = NO;
				WARNING_CFLAGS = ("$(inherited)");
			};
			name = Debug;
		};
		BCF062A556844F1A9F52C8AF /* MinSizeRel */ = {
			isa = XCBuildConfiguration;
			buildSettings = {
				ALWAYS_SEARCH_USER_PATHS = NO;
				ARCHS = arm64;
				COMBINE_HIDPI_IMAGES = YES;
				GCC_GENERATE_DEBUGGING_SYMBOLS = YES;
				GCC_INLINES_ARE_PRIVATE_EXTERN = NO;
				GCC_OPTIMIZATION_LEVEL = 0;
				GCC_PREPROCESSOR_DEFINITIONS = ("'CMAKE_INTDIR=\"$(CONFIGURATION)$(EFFECTIVE_PLATFORM_NAME)\"'","$(inherited)");
				GCC_SYMBOLS_PRIVATE_EXTERN = NO;
				INSTALL_PATH = "";
				ONLY_ACTIVE_ARCH = NO;
				OTHER_LDFLAGS = ("","$(inherited)");
				OTHER_REZFLAGS = "";
				PRODUCT_NAME = install;
				SECTORDER_FLAGS = "";
				USE_HEADERMAP = NO;
				WARNING_CFLAGS = ("$(inherited)");
			};
			name = MinSizeRel;
		};
		CA4C44C9C3BD45B59804BE3F /* MinSizeRel */ = {
			isa = XCBuildConfiguration;
			buildSettings = {
				ALWAYS_SEARCH_USER_PATHS = NO;
				ARCHS = arm64;
				COMBINE_HIDPI_IMAGES = YES;
				CONFIGURATION_BUILD_DIR = /Volumes/Projects/Projects/GitHUB/projectZERO/build_mac/MinSizeRel;
				EXECUTABLE_PREFIX = "";
				EXECUTABLE_SUFFIX = "";
				GCC_GENERATE_DEBUGGING_SYMBOLS = NO;
				GCC_INLINES_ARE_PRIVATE_EXTERN = NO;
				GCC_OPTIMIZATION_LEVEL = s;
				GCC_PREPROCESSOR_DEFINITIONS = ("'CMAKE_INTDIR=\"$(CONFIGURATION)$(EFFECTIVE_PLATFORM_NAME)\"'","$(inherited)");
				GCC_SYMBOLS_PRIVATE_EXTERN = NO;
				HEADER_SEARCH_PATHS = (/Volumes/Projects/Projects/GitHUB/projectZERO/common,/Volumes/Projects/Projects/GitHUB/projectZERO/include,"$(inherited)");
				INSTALL_PATH = "";
				LD_RUNPATH_SEARCH_PATHS = ("@executable_path","$(inherited)");
				ONLY_ACTIVE_ARCH = NO;
				OTHER_CPLUSPLUSFLAGS = "    -DNDEBUG '-std=c++17' -fsigned-char ";
				OTHER_LDFLAGS = (" -Wl,-search_paths_first -Wl,-headerpad_max_install_names","$(inherited)");
				OTHER_REZFLAGS = "";
				PRODUCT_NAME = projectZERO;
				SECTORDER_FLAGS = "";
				TARGET_TEMP_DIR = "/Volumes/Projects/Projects/GitHUB/projectZERO/build_mac/build/projectZERO.build/$(CONFIGURATION)$(EFFECTIVE_PLATFORM_NAME)";
				USE_HEADERMAP = NO;
				WARNING_CFLAGS = ("$(inherited)");
			};
			name = MinSizeRel;
		};
		DD20C49FA8234F1E8BB8E942 /* Release */ = {
			isa = XCBuildConfiguration;
			buildSettings = {
				ALWAYS_SEARCH_USER_PATHS = NO;
				ARCHS = arm64;
				COMBINE_HIDPI_IMAGES = YES;
				CONFIGURATION_BUILD_DIR = /Volumes/Projects/Projects/GitHUB/projectZERO/build_mac/Release;
				EXECUTABLE_PREFIX = "";
				EXECUTABLE_SUFFIX = "";
				GCC_GENERATE_DEBUGGING_SYMBOLS = NO;
				GCC_INLINES_ARE_PRIVATE_EXTERN = NO;
				GCC_OPTIMIZATION_LEVEL = 3;
				GCC_PREPROCESSOR_DEFINITIONS = ("'CMAKE_INTDIR=\"$(CONFIGURATION)$(EFFECTIVE_PLATFORM_NAME)\"'","$(inherited)");
				GCC_SYMBOLS_PRIVATE_EXTERN = NO;
				HEADER_SEARCH_PATHS = (/Volumes/Projects/Projects/GitHUB/projectZERO/common,/Volumes/Projects/Projects/GitHUB/projectZERO/include,"$(inherited)");
				INSTALL_PATH = "";
				LD_RUNPATH_SEARCH_PATHS = ("@executable_path","$(inherited)");
				ONLY_ACTIVE_ARCH = NO;
				OTHER_CPLUSPLUSFLAGS = "    -DNDEBUG '-std=c++17' -fsigned-char ";
				OTHER_LDFLAGS = (" -Wl,-search_paths_first -Wl,-headerpad_max_install_names","$(inherited)");
				OTHER_REZFLAGS = "";
				PRODUCT_NAME = projectZERO;
				SECTORDER_FLAGS = "";
				TARGET_TEMP_DIR = "/Volumes/Projects/Projects/GitHUB/projectZERO/build_mac/build/projectZERO.build/$(CONFIGURATION)$(EFFECTIVE_PLATFORM_NAME)";
				USE_HEADERMAP = NO;
				WARNING_CFLAGS = ("$(inherited)");
			};
			name = Release;
		};
		DE990C3DACF349E788CA30D0 /* MinSizeRel */ = {
			isa = XCBuildConfiguration;
			buildSettings = {
				ALWAYS_SEARCH_USER_PATHS = NO;
				ARCHS = arm64;
				COMBINE_HIDPI_IMAGES = YES;
				GCC_GENERATE_DEBUGGING_SYMBOLS = YES;
				GCC_INLINES_ARE_PRIVATE_EXTERN = NO;
				GCC_OPTIMIZATION_LEVEL = 0;
				GCC_PREPROCESSOR_DEFINITIONS = ("'CMAKE_INTDIR=\"$(CONFIGURATION)$(EFFECTIVE_PLATFORM_NAME)\"'","$(inherited)");
				GCC_SYMBOLS_PRIVATE_EXTERN = NO;
				INSTALL_PATH = "";
				ONLY_ACTIVE_ARCH = NO;
				OTHER_LDFLAGS = ("","$(inherited)");
				OTHER_REZFLAGS = "";
				PRODUCT_NAME = ALL_BUILD;
				SECTORDER_FLAGS = "";
				USE_HEADERMAP = NO;
				WARNING_CFLAGS = ("$(inherited)");
			};
			name = MinSizeRel;
		};
		E253377DFD0141529E7F274E /* Debug */ = {
			isa = XCBuildConfiguration;
			buildSettings = {
				ARCHS = arm64;
				MACOSX_DEPLOYMENT_TARGET = 13.3;
				SDKROOT = /Applications/Xcode.app/Contents/Developer/Platforms/MacOSX.platform/Developer/SDKs/MacOSX13.3.sdk;
				SYMROOT = /Volumes/Projects/Projects/GitHUB/projectZERO/build_mac/build;
			};
			name = Debug;
		};
		E5B06E87F86748CFA20E3581 /* Debug */ = {
			isa = XCBuildConfiguration;
			buildSettings = {
				ALWAYS_SEARCH_USER_PATHS = NO;
				ARCHS = arm64;
				COMBINE_HIDPI_IMAGES = YES;
				GCC_GENERATE_DEBUGGING_SYMBOLS = YES;
				GCC_INLINES_ARE_PRIVATE_EXTERN = NO;
				GCC_OPTIMIZATION_LEVEL = 0;
				GCC_PREPROCESSOR_DEFINITIONS = ("'CMAKE_INTDIR=\"$(CONFIGURATION)$(EFFECTIVE_PLATFORM_NAME)\"'","$(inherited)");
				GCC_SYMBOLS_PRIVATE_EXTERN = NO;
				INSTALL_PATH = "";
				ONLY_ACTIVE_ARCH = NO;
				OTHER_LDFLAGS = ("","$(inherited)");
				OTHER_REZFLAGS = "";
				PRODUCT_NAME = install;
				SECTORDER_FLAGS = "";
				USE_HEADERMAP = NO;
				WARNING_CFLAGS = ("$(inherited)");
			};
			name = Debug;
		};
		E836AEA44599401C99742FDB /* MinSizeRel */ = {
			isa = XCBuildConfiguration;
			buildSettings = {
				ALWAYS_SEARCH_USER_PATHS = NO;
				ARCHS = arm64;
				COMBINE_HIDPI_IMAGES = YES;
				GCC_GENERATE_DEBUGGING_SYMBOLS = YES;
				GCC_INLINES_ARE_PRIVATE_EXTERN = NO;
				GCC_OPTIMIZATION_LEVEL = 0;
				GCC_PREPROCESSOR_DEFINITIONS = ("'CMAKE_INTDIR=\"$(CONFIGURATION)$(EFFECTIVE_PLATFORM_NAME)\"'","$(inherited)");
				GCC_SYMBOLS_PRIVATE_EXTERN = NO;
				INSTALL_PATH = "";
				ONLY_ACTIVE_ARCH = NO;
				OTHER_LDFLAGS = ("","$(inherited)");
				OTHER_REZFLAGS = "";
				PRODUCT_NAME = ZERO_CHECK;
				SECTORDER_FLAGS = "";
				USE_HEADERMAP = NO;
				WARNING_CFLAGS = ("$(inherited)");
			};
			name = MinSizeRel;
		};
		ECCE23DA05774951B72F6C83 /* RelWithDebInfo */ = {
			isa = XCBuildConfiguration;
			buildSettings = {
				ALWAYS_SEARCH_USER_PATHS = NO;
				ARCHS = arm64;
				COMBINE_HIDPI_IMAGES = YES;
				GCC_GENERATE_DEBUGGING_SYMBOLS = YES;
				GCC_INLINES_ARE_PRIVATE_EXTERN = NO;
				GCC_OPTIMIZATION_LEVEL = 0;
				GCC_PREPROCESSOR_DEFINITIONS = ("'CMAKE_INTDIR=\"$(CONFIGURATION)$(EFFECTIVE_PLATFORM_NAME)\"'","$(inherited)");
				GCC_SYMBOLS_PRIVATE_EXTERN = NO;
				INSTALL_PATH = "";
				ONLY_ACTIVE_ARCH = NO;
				OTHER_LDFLAGS = ("","$(inherited)");
				OTHER_REZFLAGS = "";
				PRODUCT_NAME = install;
				SECTORDER_FLAGS = "";
				USE_HEADERMAP = NO;
				WARNING_CFLAGS = ("$(inherited)");
			};
			name = RelWithDebInfo;
		};
		F7EFF5EEBEFA47FB806CB151 /* Release */ = {
			isa = XCBuildConfiguration;
			buildSettings = {
				ALWAYS_SEARCH_USER_PATHS = NO;
				ARCHS = arm64;
				COMBINE_HIDPI_IMAGES = YES;
				GCC_GENERATE_DEBUGGING_SYMBOLS = YES;
				GCC_INLINES_ARE_PRIVATE_EXTERN = NO;
				GCC_OPTIMIZATION_LEVEL = 0;
				GCC_PREPROCESSOR_DEFINITIONS = ("'CMAKE_INTDIR=\"$(CONFIGURATION)$(EFFECTIVE_PLATFORM_NAME)\"'","$(inherited)");
				GCC_SYMBOLS_PRIVATE_EXTERN = NO;
				INSTALL_PATH = "";
				ONLY_ACTIVE_ARCH = NO;
				OTHER_LDFLAGS = ("","$(inherited)");
				OTHER_REZFLAGS = "";
				PRODUCT_NAME = install;
				SECTORDER_FLAGS = "";
				USE_HEADERMAP = NO;
				WARNING_CFLAGS = ("$(inherited)");
			};
			name = Release;
		};
		FF2F7D4A75204C3C9433DC8D /* RelWithDebInfo */ = {
			isa = XCBuildConfiguration;
			buildSettings = {
				ARCHS = arm64;
				MACOSX_DEPLOYMENT_TARGET = 13.3;
				SDKROOT = /Applications/Xcode.app/Contents/Developer/Platforms/MacOSX.platform/Developer/SDKs/MacOSX13.3.sdk;
				SWIFT_COMPILATION_MODE = wholemodule;
				SYMROOT = /Volumes/Projects/Projects/GitHUB/projectZERO/build_mac/build;
			};
			name = RelWithDebInfo;
		};
/* End XCBuildConfiguration section */

/* Begin XCConfigurationList section */
		01C3AB4008D744C5858B2BF8 /* Build configuration list for PBXNativeTarget "projectZERO" */ = {
			isa = XCConfigurationList;
			buildConfigurations = (
				B77893EF8FD646C5A977DE00 /* Debug */,
				DD20C49FA8234F1E8BB8E942 /* Release */,
				CA4C44C9C3BD45B59804BE3F /* MinSizeRel */,
				B55EC8EA210A44A8AC768034 /* RelWithDebInfo */,
			);
			defaultConfigurationIsVisible = 0;
			defaultConfigurationName = Debug;
		};
		5230FECAB99F400083231F1B /* Build configuration list for PBXProject "projectZERO" */ = {
			isa = XCConfigurationList;
			buildConfigurations = (
				E253377DFD0141529E7F274E /* Debug */,
				7342AFB7CC0245D69694E6FB /* Release */,
				343DC0FB86104807856CE17F /* MinSizeRel */,
				FF2F7D4A75204C3C9433DC8D /* RelWithDebInfo */,
			);
			defaultConfigurationIsVisible = 0;
			defaultConfigurationName = Debug;
		};
		76E0A517B5684B3CA8CFB22D /* Build configuration list for PBXAggregateTarget "ALL_BUILD" */ = {
			isa = XCConfigurationList;
			buildConfigurations = (
				7C1101CBAE424A78905A36DA /* Debug */,
				52EE44867461437DB82E88EE /* Release */,
				DE990C3DACF349E788CA30D0 /* MinSizeRel */,
				1526E473405A4D26B25B9CAF /* RelWithDebInfo */,
			);
			defaultConfigurationIsVisible = 0;
			defaultConfigurationName = Debug;
		};
		B75D224139D548009B9A581C /* Build configuration list for PBXAggregateTarget "install" */ = {
			isa = XCConfigurationList;
			buildConfigurations = (
				E5B06E87F86748CFA20E3581 /* Debug */,
				F7EFF5EEBEFA47FB806CB151 /* Release */,
				BCF062A556844F1A9F52C8AF /* MinSizeRel */,
				ECCE23DA05774951B72F6C83 /* RelWithDebInfo */,
			);
			defaultConfigurationIsVisible = 0;
			defaultConfigurationName = Debug;
		};
		F9806C6ADDA2478482781CD2 /* Build configuration list for PBXAggregateTarget "ZERO_CHECK" */ = {
			isa = XCConfigurationList;
			buildConfigurations = (
				2C0EC650E6D44826B0F4E5BE /* Debug */,
				9268A3EF5DBD4B618B052F28 /* Release */,
				E836AEA44599401C99742FDB /* MinSizeRel */,
				051BDE49034147519ABFA303 /* RelWithDebInfo */,
			);
			defaultConfigurationIsVisible = 0;
			defaultConfigurationName = Debug;
		};
/* End XCConfigurationList section */
	};
	rootObject = 2BD53AAC06DB4D07A1943BF5 /* Project object */;
}
