// !$*UTF8*$!
{
	archiveVersion = 1;
	classes = {
	};
	objectVersion = 46;
	objects = {

/* Begin PBXAggregateTarget section */
		3348EBB243AB463888C51F24 /* ALL_BUILD */ = {
			isa = PBXAggregateTarget;
			buildConfigurationList = 1D9E60F4F7B44DC79E226240 /* Build configuration list for PBXAggregateTarget "ALL_BUILD" */;
			buildPhases = (
				E0149FA8F468366727A907B1 /* Generate CMakeFiles/ALL_BUILD */,
			);
			dependencies = (
				366E4BF7A6FB43959950CCB2 /* PBXTargetDependency */,
				B8F6E2B0C1254EFB840BAD0D /* PBXTargetDependency */,
			);
			name = ALL_BUILD;
			productName = ALL_BUILD;
		};
		7550803901E54E1AA2AECDF8 /* install */ = {
			isa = PBXAggregateTarget;
			buildConfigurationList = 8E293ACB7DA84D8493BB2C1C /* Build configuration list for PBXAggregateTarget "install" */;
			buildPhases = (
				93426DA6A4AC2C2AC9CE883C /* CMake PostBuild Rules */,
			);
			dependencies = (
				DDFDD6EC408349A58EFE0CFD /* PBXTargetDependency */,
			);
			name = install;
			productName = install;
		};
		D381A5B9359F444E94CB4564 /* ZERO_CHECK */ = {
			isa = PBXAggregateTarget;
			buildConfigurationList = BDBC9E667E394897973E9655 /* Build configuration list for PBXAggregateTarget "ZERO_CHECK" */;
			buildPhases = (
				EE8881CA6A5D700AA924CDEE /* Generate CMakeFiles/ZERO_CHECK */,
			);
			dependencies = (
			);
			name = ZERO_CHECK;
			productName = ZERO_CHECK;
		};
/* End PBXAggregateTarget section */

/* Begin PBXBuildFile section */
		06AB27594F7E4EEA9C3C4AF5 /* /Volumes/Projects/GitHUB/projectZERO/src/projectZERO.cpp */ = {isa = PBXBuildFile; fileRef = 0BE65D52040F4FE99E0C3FB1 /* /Volumes/Projects/GitHUB/projectZERO/src/projectZERO.cpp */; };
		115B1ED19A064D65B59F296D /* /Volumes/Projects/GitHUB/projectZERO/src/text.cpp */ = {isa = PBXBuildFile; fileRef = 8DF6C769DD5A44B7B04DCA80 /* /Volumes/Projects/GitHUB/projectZERO/src/text.cpp */; };
		43B9742F34AA4555832B44B0 /* /Volumes/Projects/GitHUB/projectZERO/src/hpc.cpp */ = {isa = PBXBuildFile; fileRef = 67BD560F98424D3FB66984B1 /* /Volumes/Projects/GitHUB/projectZERO/src/hpc.cpp */; };
		5E110C85124945F5A3F57701 /* /Volumes/Projects/GitHUB/projectZERO/common/crTypes.h */ = {isa = PBXBuildFile; fileRef = 3CD9496AB3564BAE85D775B9 /* /Volumes/Projects/GitHUB/projectZERO/common/crTypes.h */; };
		A411639FF96D4458B0024323 /* /Volumes/Projects/GitHUB/projectZERO/include */ = {isa = PBXBuildFile; fileRef = DDFD5E4176444B53BE9EAC98 /* /Volumes/Projects/GitHUB/projectZERO/include */; };
		F6DB6AA5505247AEB957FD63 /* /Volumes/Projects/GitHUB/projectZERO/CMakeLists.txt */ = {isa = PBXBuildFile; fileRef = 9F45DAF2F0624E41AFE91E5A /* /Volumes/Projects/GitHUB/projectZERO/CMakeLists.txt */; };
/* End PBXBuildFile section */

/* Begin PBXBuildStyle section */
		36823E0E776C4F6A80A25B29 /* Debug */ = {
			isa = PBXBuildStyle;
			buildSettings = {
				COPY_PHASE_STRIP = NO;
			};
			name = Debug;
		};
		763FE7ACD1644BF7A41AA39B /* Release */ = {
			isa = PBXBuildStyle;
			buildSettings = {
				COPY_PHASE_STRIP = NO;
			};
			name = Release;
		};
		9C48C3A38F754871A8F1E516 /* MinSizeRel */ = {
			isa = PBXBuildStyle;
			buildSettings = {
				COPY_PHASE_STRIP = NO;
			};
			name = MinSizeRel;
		};
		F67B404AE64C4C0CAC108447 /* RelWithDebInfo */ = {
			isa = PBXBuildStyle;
			buildSettings = {
				COPY_PHASE_STRIP = NO;
			};
			name = RelWithDebInfo;
		};
/* End PBXBuildStyle section */

/* Begin PBXContainerItemProxy section */
		3A172070AE924586ADCDBAD4 /* PBXContainerItemProxy */ = {
			isa = PBXContainerItemProxy;
			containerPortal = 3B2422B79747455BA57B8F64 /* Project object */;
			proxyType = 1;
			remoteGlobalIDString = 3348EBB243AB463888C51F24;
			remoteInfo = ALL_BUILD;
		};
		9FE1DBF81B5042DEB8DD1E4D /* PBXContainerItemProxy */ = {
			isa = PBXContainerItemProxy;
			containerPortal = 3B2422B79747455BA57B8F64 /* Project object */;
			proxyType = 1;
			remoteGlobalIDString = 14DBD680F165486F81940B8B;
			remoteInfo = projectZERO;
		};
		A9EF7721DD614ABFA4A07C7C /* PBXContainerItemProxy */ = {
			isa = PBXContainerItemProxy;
			containerPortal = 3B2422B79747455BA57B8F64 /* Project object */;
			proxyType = 1;
			remoteGlobalIDString = D381A5B9359F444E94CB4564;
			remoteInfo = ZERO_CHECK;
		};
		BB378056C2F14D5093C2D102 /* PBXContainerItemProxy */ = {
			isa = PBXContainerItemProxy;
			containerPortal = 3B2422B79747455BA57B8F64 /* Project object */;
			proxyType = 1;
			remoteGlobalIDString = D381A5B9359F444E94CB4564;
			remoteInfo = ZERO_CHECK;
		};
/* End PBXContainerItemProxy section */

/* Begin PBXFileReference section */
		0652BDF111AD41FAB91CBBA4 /* projectZERO */ = {isa = PBXFileReference; explicitFileType = "compiled.mach-o.executable"; path = projectZERO; sourceTree = BUILT_PRODUCTS_DIR; };
		0BE65D52040F4FE99E0C3FB1 /* /Volumes/Projects/GitHUB/projectZERO/src/projectZERO.cpp */ = {isa = PBXFileReference; explicitFileType = sourcecode.cpp.cpp; fileEncoding = 4; name = projectZERO.cpp; path = src/projectZERO.cpp; sourceTree = SOURCE_ROOT; };
		3CD9496AB3564BAE85D775B9 /* /Volumes/Projects/GitHUB/projectZERO/common/crTypes.h */ = {isa = PBXFileReference; explicitFileType = sourcecode.c.h; fileEncoding = 4; name = crTypes.h; path = common/crTypes.h; sourceTree = SOURCE_ROOT; };
		67BD560F98424D3FB66984B1 /* /Volumes/Projects/GitHUB/projectZERO/src/hpc.cpp */ = {isa = PBXFileReference; explicitFileType = sourcecode.cpp.cpp; fileEncoding = 4; name = hpc.cpp; path = src/hpc.cpp; sourceTree = SOURCE_ROOT; };
		8DF6C769DD5A44B7B04DCA80 /* /Volumes/Projects/GitHUB/projectZERO/src/text.cpp */ = {isa = PBXFileReference; explicitFileType = sourcecode.cpp.cpp; fileEncoding = 4; name = text.cpp; path = src/text.cpp; sourceTree = SOURCE_ROOT; };
		9F45DAF2F0624E41AFE91E5A /* /Volumes/Projects/GitHUB/projectZERO/CMakeLists.txt */ = {isa = PBXFileReference; explicitFileType = sourcecode.text; fileEncoding = 4; name = CMakeLists.txt; path = CMakeLists.txt; sourceTree = SOURCE_ROOT; };
		DDFD5E4176444B53BE9EAC98 /* /Volumes/Projects/GitHUB/projectZERO/include */ = {isa = PBXFileReference; fileEncoding = 4; lastKnownFileType = folder; name = include; path = include; sourceTree = SOURCE_ROOT; };
		DF39E63869284070BBE2D670 /* /Volumes/Projects/GitHUB/projectZERO/CMakeLists.txt */ = {isa = PBXFileReference; explicitFileType = sourcecode.text; fileEncoding = 4; name = CMakeLists.txt; path = CMakeLists.txt; sourceTree = SOURCE_ROOT; };
/* End PBXFileReference section */

/* Begin PBXFrameworksBuildPhase section */
		97C85872C42D4788972D119B /* Frameworks */ = {
			isa = PBXFrameworksBuildPhase;
			buildActionMask = 2147483647;
			files = (
			);
			runOnlyForDeploymentPostprocessing = 0;
		};
/* End PBXFrameworksBuildPhase section */

/* Begin PBXGroup section */
		16421906E8D14728BC822359 /* common */ = {
			isa = PBXGroup;
			children = (
				3CD9496AB3564BAE85D775B9 /* /Volumes/Projects/GitHUB/projectZERO/common/crTypes.h */,
			);
			name = common;
			sourceTree = "<group>";
		};
		48B5C0FD570F4978A517005F /* ALL_BUILD */ = {
			isa = PBXGroup;
			children = (
				DE6871F09BF64B1BA4ABCDA6 /* CMake Rules */,
				DF39E63869284070BBE2D670 /* /Volumes/Projects/GitHUB/projectZERO/CMakeLists.txt */,
			);
			name = ALL_BUILD;
			sourceTree = "<group>";
		};
		B2B4CF150CE14E7B99BEA304 /* Source Files */ = {
			isa = PBXGroup;
			children = (
				67BD560F98424D3FB66984B1 /* /Volumes/Projects/GitHUB/projectZERO/src/hpc.cpp */,
				0BE65D52040F4FE99E0C3FB1 /* /Volumes/Projects/GitHUB/projectZERO/src/projectZERO.cpp */,
				8DF6C769DD5A44B7B04DCA80 /* /Volumes/Projects/GitHUB/projectZERO/src/text.cpp */,
			);
			name = "Source Files";
			sourceTree = "<group>";
		};
		BB30B18DF41B47DAA7594238 = {
			isa = PBXGroup;
			children = (
				FE090B61B66F480CB14ADF3D /* projectZERO */,
				48B5C0FD570F4978A517005F /* ALL_BUILD */,
				E6284926A9B1454DB9347CD4 /* Products */,
				F89334D205264B599314524E /* Frameworks */,
			);
			sourceTree = "<group>";
		};
		DE6871F09BF64B1BA4ABCDA6 /* CMake Rules */ = {
			isa = PBXGroup;
			children = (
			);
			name = "CMake Rules";
			sourceTree = "<group>";
		};
		E6284926A9B1454DB9347CD4 /* Products */ = {
			isa = PBXGroup;
			children = (
				0652BDF111AD41FAB91CBBA4 /* projectZERO */,
			);
			name = Products;
			sourceTree = "<group>";
		};
		F89334D205264B599314524E /* Frameworks */ = {
			isa = PBXGroup;
			children = (
			);
			name = Frameworks;
			sourceTree = "<group>";
		};
		FE090B61B66F480CB14ADF3D /* projectZERO */ = {
			isa = PBXGroup;
			children = (
				B2B4CF150CE14E7B99BEA304 /* Source Files */,
				16421906E8D14728BC822359 /* common */,
				9F45DAF2F0624E41AFE91E5A /* /Volumes/Projects/GitHUB/projectZERO/CMakeLists.txt */,
				DDFD5E4176444B53BE9EAC98 /* /Volumes/Projects/GitHUB/projectZERO/include */,
			);
			name = projectZERO;
			sourceTree = "<group>";
		};
/* End PBXGroup section */

/* Begin PBXNativeTarget section */
		14DBD680F165486F81940B8B /* projectZERO */ = {
			isa = PBXNativeTarget;
			buildConfigurationList = 3648AD02E2914B4EB66F7B20 /* Build configuration list for PBXNativeTarget "projectZERO" */;
			buildPhases = (
				DF058C68B270026CBA2196AD /* CMake PreBuild Rules */,
				FBF00E7175ED45D6808B798A /* Sources */,
				97C85872C42D4788972D119B /* Frameworks */,
			);
			buildRules = (
			);
			dependencies = (
				24BBC21C93164E52AF35C9DF /* PBXTargetDependency */,
			);
			name = projectZERO;
			productName = projectZERO;
			productReference = 0652BDF111AD41FAB91CBBA4 /* projectZERO */;
			productType = "com.apple.product-type.tool";
		};
/* End PBXNativeTarget section */

/* Begin PBXProject section */
		3B2422B79747455BA57B8F64 /* Project object */ = {
			isa = PBXProject;
			attributes = {
				BuildIndependentTargetsInParallel = YES;
				LastUpgradeCheck = 1430;
			};
			buildConfigurationList = 9943B1A20E3643559EA81778 /* Build configuration list for PBXProject "projectZERO" */;
			buildSettings = {
			};
			buildStyles = (
				36823E0E776C4F6A80A25B29 /* Debug */,
				763FE7ACD1644BF7A41AA39B /* Release */,
				9C48C3A38F754871A8F1E516 /* MinSizeRel */,
				F67B404AE64C4C0CAC108447 /* RelWithDebInfo */,
			);
			compatibilityVersion = "Xcode 3.2";
			hasScannedForEncodings = 0;
			mainGroup = BB30B18DF41B47DAA7594238;
			projectDirPath = /Volumes/Projects/GitHUB/projectZERO;
			projectRoot = "";
			targets = (
				3348EBB243AB463888C51F24 /* ALL_BUILD */,
				D381A5B9359F444E94CB4564 /* ZERO_CHECK */,
				7550803901E54E1AA2AECDF8 /* install */,
				14DBD680F165486F81940B8B /* projectZERO */,
			);
		};
/* End PBXProject section */

/* Begin PBXShellScriptBuildPhase section */
		3C0110FC8322DE7E50886E21 = {
			isa = PBXShellScriptBuildPhase;
			buildActionMask = 2147483647;
			files = (
			);
			inputPaths = (
			);
			outputPaths = (
			);
			runOnlyForDeploymentPostprocessing = 0;
			shellPath = /bin/sh;
			shellScript = "# shell script goes here
exit 0";
			showEnvVarsInLog = 0;
		};
		87AF4882E018677E2624B544 = {
			isa = PBXShellScriptBuildPhase;
			buildActionMask = 2147483647;
			files = (
			);
			inputPaths = (
			);
			outputPaths = (
			);
			runOnlyForDeploymentPostprocessing = 0;
			shellPath = /bin/sh;
			shellScript = "# shell script goes here
exit 0";
			showEnvVarsInLog = 0;
		};
		93426DA6A4AC2C2AC9CE883C /* CMake PostBuild Rules */ = {
			isa = PBXShellScriptBuildPhase;
			alwaysOutOfDate = 1;
			buildActionMask = 2147483647;
			files = (
			);
			name = "CMake PostBuild Rules";
			outputPaths = (
			);
			runOnlyForDeploymentPostprocessing = 0;
			shellPath = /bin/sh;
			shellScript = "set -e
if test \"$CONFIGURATION\" = \"Debug\"; then :
  cd /Volumes/Projects/GitHUB/projectZERO/build_mac
  /Applications/CMake.app/Contents/bin/cmake -DBUILD_TYPE=$CONFIGURATION$EFFECTIVE_PLATFORM_NAME -P cmake_install.cmake
fi
if test \"$CONFIGURATION\" = \"Release\"; then :
  cd /Volumes/Projects/GitHUB/projectZERO/build_mac
  /Applications/CMake.app/Contents/bin/cmake -DBUILD_TYPE=$CONFIGURATION$EFFECTIVE_PLATFORM_NAME -P cmake_install.cmake
fi
if test \"$CONFIGURATION\" = \"MinSizeRel\"; then :
  cd /Volumes/Projects/GitHUB/projectZERO/build_mac
  /Applications/CMake.app/Contents/bin/cmake -DBUILD_TYPE=$CONFIGURATION$EFFECTIVE_PLATFORM_NAME -P cmake_install.cmake
fi
if test \"$CONFIGURATION\" = \"RelWithDebInfo\"; then :
  cd /Volumes/Projects/GitHUB/projectZERO/build_mac
  /Applications/CMake.app/Contents/bin/cmake -DBUILD_TYPE=$CONFIGURATION$EFFECTIVE_PLATFORM_NAME -P cmake_install.cmake
fi
";
			showEnvVarsInLog = 0;
		};
		9B50530E35CC49C82C2FACCF = {
			isa = PBXShellScriptBuildPhase;
			buildActionMask = 2147483647;
			files = (
			);
			inputPaths = (
			);
			outputPaths = (
			);
			runOnlyForDeploymentPostprocessing = 0;
			shellPath = /bin/sh;
			shellScript = "# shell script goes here
exit 0";
			showEnvVarsInLog = 0;
		};
		DF058C68B270026CBA2196AD /* CMake PreBuild Rules */ = {
			isa = PBXShellScriptBuildPhase;
			alwaysOutOfDate = 1;
			buildActionMask = 2147483647;
			files = (
			);
			name = "CMake PreBuild Rules";
			outputPaths = (
			);
			runOnlyForDeploymentPostprocessing = 0;
			shellPath = /bin/sh;
			shellScript = "set -e
if test \"$CONFIGURATION\" = \"Debug\"; then :
  cd /Volumes/Projects/GitHUB/projectZERO/build_mac
  /Applications/CMake.app/Contents/bin/cmake -E make_directory /Volumes/Projects/GitHUB/projectZERO/build_mac/Debug/libraries
  /Applications/CMake.app/Contents/bin/cmake -E make_directory /Volumes/Projects/GitHUB/projectZERO/build_mac/Debug/models
  /Applications/CMake.app/Contents/bin/cmake -E copy_directory /Volumes/Projects/GitHUB/projectZERO/external/libraries /Volumes/Projects/GitHUB/projectZERO/build_mac/Debug/libraries/
  /Applications/CMake.app/Contents/bin/cmake -E copy_directory /Volumes/Projects/GitHUB/projectZERO/external/models /Volumes/Projects/GitHUB/projectZERO/build_mac/Debug/models/
  /Applications/CMake.app/Contents/bin/cmake -E copy_directory /Volumes/Projects/GitHUB/projectZERO/external /Volumes/Projects/GitHUB/projectZERO/build_mac/Debug
fi
if test \"$CONFIGURATION\" = \"Release\"; then :
  cd /Volumes/Projects/GitHUB/projectZERO/build_mac
  /Applications/CMake.app/Contents/bin/cmake -E make_directory /Volumes/Projects/GitHUB/projectZERO/build_mac/Release/libraries
  /Applications/CMake.app/Contents/bin/cmake -E make_directory /Volumes/Projects/GitHUB/projectZERO/build_mac/Release/models
  /Applications/CMake.app/Contents/bin/cmake -E copy_directory /Volumes/Projects/GitHUB/projectZERO/external/libraries /Volumes/Projects/GitHUB/projectZERO/build_mac/Release/libraries/
  /Applications/CMake.app/Contents/bin/cmake -E copy_directory /Volumes/Projects/GitHUB/projectZERO/external/models /Volumes/Projects/GitHUB/projectZERO/build_mac/Release/models/
  /Applications/CMake.app/Contents/bin/cmake -E copy_directory /Volumes/Projects/GitHUB/projectZERO/external /Volumes/Projects/GitHUB/projectZERO/build_mac/Release
fi
if test \"$CONFIGURATION\" = \"MinSizeRel\"; then :
  cd /Volumes/Projects/GitHUB/projectZERO/build_mac
  /Applications/CMake.app/Contents/bin/cmake -E make_directory /Volumes/Projects/GitHUB/projectZERO/build_mac/MinSizeRel/libraries
  /Applications/CMake.app/Contents/bin/cmake -E make_directory /Volumes/Projects/GitHUB/projectZERO/build_mac/MinSizeRel/models
  /Applications/CMake.app/Contents/bin/cmake -E copy_directory /Volumes/Projects/GitHUB/projectZERO/external/libraries /Volumes/Projects/GitHUB/projectZERO/build_mac/MinSizeRel/libraries/
  /Applications/CMake.app/Contents/bin/cmake -E copy_directory /Volumes/Projects/GitHUB/projectZERO/external/models /Volumes/Projects/GitHUB/projectZERO/build_mac/MinSizeRel/models/
  /Applications/CMake.app/Contents/bin/cmake -E copy_directory /Volumes/Projects/GitHUB/projectZERO/external /Volumes/Projects/GitHUB/projectZERO/build_mac/MinSizeRel
fi
if test \"$CONFIGURATION\" = \"RelWithDebInfo\"; then :
  cd /Volumes/Projects/GitHUB/projectZERO/build_mac
  /Applications/CMake.app/Contents/bin/cmake -E make_directory /Volumes/Projects/GitHUB/projectZERO/build_mac/RelWithDebInfo/libraries
  /Applications/CMake.app/Contents/bin/cmake -E make_directory /Volumes/Projects/GitHUB/projectZERO/build_mac/RelWithDebInfo/models
  /Applications/CMake.app/Contents/bin/cmake -E copy_directory /Volumes/Projects/GitHUB/projectZERO/external/libraries /Volumes/Projects/GitHUB/projectZERO/build_mac/RelWithDebInfo/libraries/
  /Applications/CMake.app/Contents/bin/cmake -E copy_directory /Volumes/Projects/GitHUB/projectZERO/external/models /Volumes/Projects/GitHUB/projectZERO/build_mac/RelWithDebInfo/models/
  /Applications/CMake.app/Contents/bin/cmake -E copy_directory /Volumes/Projects/GitHUB/projectZERO/external /Volumes/Projects/GitHUB/projectZERO/build_mac/RelWithDebInfo
fi
";
			showEnvVarsInLog = 0;
		};
		E0149FA8F468366727A907B1 /* Generate CMakeFiles/ALL_BUILD */ = {
			isa = PBXShellScriptBuildPhase;
			alwaysOutOfDate = 1;
			buildActionMask = 2147483647;
			files = (
			);
			inputPaths = (
			);
			name = "Generate CMakeFiles/ALL_BUILD";
			outputPaths = (
/Volumes/Projects/GitHUB/projectZERO/build_mac/CMakeFiles/ALL_BUILD			);
			runOnlyForDeploymentPostprocessing = 0;
			shellPath = /bin/sh;
			shellScript = "set -e
if test \"$CONFIGURATION\" = \"Debug\"; then :
  cd /Volumes/Projects/GitHUB/projectZERO/build_mac
  echo Build\\ all\\ projects
fi
if test \"$CONFIGURATION\" = \"Release\"; then :
  cd /Volumes/Projects/GitHUB/projectZERO/build_mac
  echo Build\\ all\\ projects
fi
if test \"$CONFIGURATION\" = \"MinSizeRel\"; then :
  cd /Volumes/Projects/GitHUB/projectZERO/build_mac
  echo Build\\ all\\ projects
fi
if test \"$CONFIGURATION\" = \"RelWithDebInfo\"; then :
  cd /Volumes/Projects/GitHUB/projectZERO/build_mac
  echo Build\\ all\\ projects
fi
";
			showEnvVarsInLog = 0;
		};
		EE8881CA6A5D700AA924CDEE /* Generate CMakeFiles/ZERO_CHECK */ = {
			isa = PBXShellScriptBuildPhase;
			alwaysOutOfDate = 1;
			buildActionMask = 2147483647;
			files = (
			);
			inputPaths = (
			);
			name = "Generate CMakeFiles/ZERO_CHECK";
			outputPaths = (
/Volumes/Projects/GitHUB/projectZERO/build_mac/CMakeFiles/ZERO_CHECK			);
			runOnlyForDeploymentPostprocessing = 0;
			shellPath = /bin/sh;
			shellScript = "set -e
if test \"$CONFIGURATION\" = \"Debug\"; then :
  cd /Volumes/Projects/GitHUB/projectZERO/build_mac
  make -f /Volumes/Projects/GitHUB/projectZERO/build_mac/CMakeScripts/ReRunCMake.make
fi
if test \"$CONFIGURATION\" = \"Release\"; then :
  cd /Volumes/Projects/GitHUB/projectZERO/build_mac
  make -f /Volumes/Projects/GitHUB/projectZERO/build_mac/CMakeScripts/ReRunCMake.make
fi
if test \"$CONFIGURATION\" = \"MinSizeRel\"; then :
  cd /Volumes/Projects/GitHUB/projectZERO/build_mac
  make -f /Volumes/Projects/GitHUB/projectZERO/build_mac/CMakeScripts/ReRunCMake.make
fi
if test \"$CONFIGURATION\" = \"RelWithDebInfo\"; then :
  cd /Volumes/Projects/GitHUB/projectZERO/build_mac
  make -f /Volumes/Projects/GitHUB/projectZERO/build_mac/CMakeScripts/ReRunCMake.make
fi
";
			showEnvVarsInLog = 0;
		};
/* End PBXShellScriptBuildPhase section */

/* Begin PBXSourcesBuildPhase section */
		FBF00E7175ED45D6808B798A /* Sources */ = {
			isa = PBXSourcesBuildPhase;
			buildActionMask = 2147483647;
			files = (
				43B9742F34AA4555832B44B0 /* /Volumes/Projects/GitHUB/projectZERO/src/hpc.cpp */,
				06AB27594F7E4EEA9C3C4AF5 /* /Volumes/Projects/GitHUB/projectZERO/src/projectZERO.cpp */,
				115B1ED19A064D65B59F296D /* /Volumes/Projects/GitHUB/projectZERO/src/text.cpp */,
			);
			runOnlyForDeploymentPostprocessing = 0;
		};
/* End PBXSourcesBuildPhase section */

/* Begin PBXTargetDependency section */
		24BBC21C93164E52AF35C9DF /* PBXTargetDependency */ = {
			isa = PBXTargetDependency;
			target = D381A5B9359F444E94CB4564 /* ZERO_CHECK */;
			targetProxy = BB378056C2F14D5093C2D102 /* PBXContainerItemProxy */;
		};
		366E4BF7A6FB43959950CCB2 /* PBXTargetDependency */ = {
			isa = PBXTargetDependency;
			target = D381A5B9359F444E94CB4564 /* ZERO_CHECK */;
			targetProxy = A9EF7721DD614ABFA4A07C7C /* PBXContainerItemProxy */;
		};
		B8F6E2B0C1254EFB840BAD0D /* PBXTargetDependency */ = {
			isa = PBXTargetDependency;
			target = 14DBD680F165486F81940B8B /* projectZERO */;
			targetProxy = 9FE1DBF81B5042DEB8DD1E4D /* PBXContainerItemProxy */;
		};
		DDFDD6EC408349A58EFE0CFD /* PBXTargetDependency */ = {
			isa = PBXTargetDependency;
			target = 3348EBB243AB463888C51F24 /* ALL_BUILD */;
			targetProxy = 3A172070AE924586ADCDBAD4 /* PBXContainerItemProxy */;
		};
/* End PBXTargetDependency section */

/* Begin XCBuildConfiguration section */
		0C2FEFB4794340D285B8506F /* MinSizeRel */ = {
			isa = XCBuildConfiguration;
			buildSettings = {
				ALWAYS_SEARCH_USER_PATHS = NO;
				ARCHS = arm64;
				COMBINE_HIDPI_IMAGES = YES;
				GCC_GENERATE_DEBUGGING_SYMBOLS = YES;
				GCC_INLINES_ARE_PRIVATE_EXTERN = NO;
				GCC_OPTIMIZATION_LEVEL = 0;
				GCC_PREPROCESSOR_DEFINITIONS = ("'CMAKE_INTDIR=\"$(CONFIGURATION)$(EFFECTIVE_PLATFORM_NAME)\"'","$(inherited)");
				GCC_SYMBOLS_PRIVATE_EXTERN = NO;
				INSTALL_PATH = "";
				ONLY_ACTIVE_ARCH = NO;
				OTHER_LDFLAGS = ("","$(inherited)");
				OTHER_REZFLAGS = "";
				PRODUCT_NAME = install;
				SECTORDER_FLAGS = "";
				USE_HEADERMAP = NO;
				WARNING_CFLAGS = ("$(inherited)");
			};
			name = MinSizeRel;
		};
		0E5468A76B5F41B2961607DB /* RelWithDebInfo */ = {
			isa = XCBuildConfiguration;
			buildSettings = {
				ARCHS = arm64;
				MACOSX_DEPLOYMENT_TARGET = 13.3;
				SDKROOT = /Applications/Xcode.app/Contents/Developer/Platforms/MacOSX.platform/Developer/SDKs/MacOSX13.3.sdk;
				SWIFT_COMPILATION_MODE = wholemodule;
				SYMROOT = /Volumes/Projects/GitHUB/projectZERO/build_mac/build;
			};
			name = RelWithDebInfo;
		};
		2098887995B34D4A9C87D785 /* Release */ = {
			isa = XCBuildConfiguration;
			buildSettings = {
				ALWAYS_SEARCH_USER_PATHS = NO;
				ARCHS = arm64;
				COMBINE_HIDPI_IMAGES = YES;
				GCC_GENERATE_DEBUGGING_SYMBOLS = YES;
				GCC_INLINES_ARE_PRIVATE_EXTERN = NO;
				GCC_OPTIMIZATION_LEVEL = 0;
				GCC_PREPROCESSOR_DEFINITIONS = ("'CMAKE_INTDIR=\"$(CONFIGURATION)$(EFFECTIVE_PLATFORM_NAME)\"'","$(inherited)");
				GCC_SYMBOLS_PRIVATE_EXTERN = NO;
				INSTALL_PATH = "";
				ONLY_ACTIVE_ARCH = NO;
				OTHER_LDFLAGS = ("","$(inherited)");
				OTHER_REZFLAGS = "";
				PRODUCT_NAME = ALL_BUILD;
				SECTORDER_FLAGS = "";
				USE_HEADERMAP = NO;
				WARNING_CFLAGS = ("$(inherited)");
			};
			name = Release;
		};
		2B9CF6B146CF49BCBE9AF62D /* Debug */ = {
			isa = XCBuildConfiguration;
			buildSettings = {
				ALWAYS_SEARCH_USER_PATHS = NO;
				ARCHS = arm64;
				COMBINE_HIDPI_IMAGES = YES;
				GCC_GENERATE_DEBUGGING_SYMBOLS = YES;
				GCC_INLINES_ARE_PRIVATE_EXTERN = NO;
				GCC_OPTIMIZATION_LEVEL = 0;
				GCC_PREPROCESSOR_DEFINITIONS = ("'CMAKE_INTDIR=\"$(CONFIGURATION)$(EFFECTIVE_PLATFORM_NAME)\"'","$(inherited)");
				GCC_SYMBOLS_PRIVATE_EXTERN = NO;
				INSTALL_PATH = "";
				ONLY_ACTIVE_ARCH = NO;
				OTHER_LDFLAGS = ("","$(inherited)");
				OTHER_REZFLAGS = "";
				PRODUCT_NAME = ALL_BUILD;
				SECTORDER_FLAGS = "";
				USE_HEADERMAP = NO;
				WARNING_CFLAGS = ("$(inherited)");
			};
			name = Debug;
		};
		3F4A3540D04D4D9A825F5F4E /* MinSizeRel */ = {
			isa = XCBuildConfiguration;
			buildSettings = {
				ALWAYS_SEARCH_USER_PATHS = NO;
				ARCHS = arm64;
				COMBINE_HIDPI_IMAGES = YES;
				GCC_GENERATE_DEBUGGING_SYMBOLS = YES;
				GCC_INLINES_ARE_PRIVATE_EXTERN = NO;
				GCC_OPTIMIZATION_LEVEL = 0;
				GCC_PREPROCESSOR_DEFINITIONS = ("'CMAKE_INTDIR=\"$(CONFIGURATION)$(EFFECTIVE_PLATFORM_NAME)\"'","$(inherited)");
				GCC_SYMBOLS_PRIVATE_EXTERN = NO;
				INSTALL_PATH = "";
				ONLY_ACTIVE_ARCH = NO;
				OTHER_LDFLAGS = ("","$(inherited)");
				OTHER_REZFLAGS = "";
				PRODUCT_NAME = ZERO_CHECK;
				SECTORDER_FLAGS = "";
				USE_HEADERMAP = NO;
				WARNING_CFLAGS = ("$(inherited)");
			};
			name = MinSizeRel;
		};
		3FE43DBDB5184EE7AA2A6954 /* RelWithDebInfo */ = {
			isa = XCBuildConfiguration;
			buildSettings = {
				ALWAYS_SEARCH_USER_PATHS = NO;
				ARCHS = arm64;
				COMBINE_HIDPI_IMAGES = YES;
				GCC_GENERATE_DEBUGGING_SYMBOLS = YES;
				GCC_INLINES_ARE_PRIVATE_EXTERN = NO;
				GCC_OPTIMIZATION_LEVEL = 0;
				GCC_PREPROCESSOR_DEFINITIONS = ("'CMAKE_INTDIR=\"$(CONFIGURATION)$(EFFECTIVE_PLATFORM_NAME)\"'","$(inherited)");
				GCC_SYMBOLS_PRIVATE_EXTERN = NO;
				INSTALL_PATH = "";
				ONLY_ACTIVE_ARCH = NO;
				OTHER_LDFLAGS = ("","$(inherited)");
				OTHER_REZFLAGS = "";
				PRODUCT_NAME = ALL_BUILD;
				SECTORDER_FLAGS = "";
				USE_HEADERMAP = NO;
				WARNING_CFLAGS = ("$(inherited)");
			};
			name = RelWithDebInfo;
		};
		402D059C0C7844AEBA34F9CD /* Debug */ = {
			isa = XCBuildConfiguration;
			buildSettings = {
				ALWAYS_SEARCH_USER_PATHS = NO;
				ARCHS = arm64;
				COMBINE_HIDPI_IMAGES = YES;
				GCC_GENERATE_DEBUGGING_SYMBOLS = YES;
				GCC_INLINES_ARE_PRIVATE_EXTERN = NO;
				GCC_OPTIMIZATION_LEVEL = 0;
				GCC_PREPROCESSOR_DEFINITIONS = ("'CMAKE_INTDIR=\"$(CONFIGURATION)$(EFFECTIVE_PLATFORM_NAME)\"'","$(inherited)");
				GCC_SYMBOLS_PRIVATE_EXTERN = NO;
				INSTALL_PATH = "";
				ONLY_ACTIVE_ARCH = NO;
				OTHER_LDFLAGS = ("","$(inherited)");
				OTHER_REZFLAGS = "";
				PRODUCT_NAME = install;
				SECTORDER_FLAGS = "";
				USE_HEADERMAP = NO;
				WARNING_CFLAGS = ("$(inherited)");
			};
			name = Debug;
		};
		49C397711ABC43C881A4BB60 /* Release */ = {
			isa = XCBuildConfiguration;
			buildSettings = {
				ALWAYS_SEARCH_USER_PATHS = NO;
				ARCHS = arm64;
				COMBINE_HIDPI_IMAGES = YES;
				GCC_GENERATE_DEBUGGING_SYMBOLS = YES;
				GCC_INLINES_ARE_PRIVATE_EXTERN = NO;
				GCC_OPTIMIZATION_LEVEL = 0;
				GCC_PREPROCESSOR_DEFINITIONS = ("'CMAKE_INTDIR=\"$(CONFIGURATION)$(EFFECTIVE_PLATFORM_NAME)\"'","$(inherited)");
				GCC_SYMBOLS_PRIVATE_EXTERN = NO;
				INSTALL_PATH = "";
				ONLY_ACTIVE_ARCH = NO;
				OTHER_LDFLAGS = ("","$(inherited)");
				OTHER_REZFLAGS = "";
				PRODUCT_NAME = ZERO_CHECK;
				SECTORDER_FLAGS = "";
				USE_HEADERMAP = NO;
				WARNING_CFLAGS = ("$(inherited)");
			};
			name = Release;
		};
		55C1341F75434B3CBAC3D00B /* MinSizeRel */ = {
			isa = XCBuildConfiguration;
			buildSettings = {
				ALWAYS_SEARCH_USER_PATHS = NO;
				ARCHS = arm64;
				COMBINE_HIDPI_IMAGES = YES;
				GCC_GENERATE_DEBUGGING_SYMBOLS = YES;
				GCC_INLINES_ARE_PRIVATE_EXTERN = NO;
				GCC_OPTIMIZATION_LEVEL = 0;
				GCC_PREPROCESSOR_DEFINITIONS = ("'CMAKE_INTDIR=\"$(CONFIGURATION)$(EFFECTIVE_PLATFORM_NAME)\"'","$(inherited)");
				GCC_SYMBOLS_PRIVATE_EXTERN = NO;
				INSTALL_PATH = "";
				ONLY_ACTIVE_ARCH = NO;
				OTHER_LDFLAGS = ("","$(inherited)");
				OTHER_REZFLAGS = "";
				PRODUCT_NAME = ALL_BUILD;
				SECTORDER_FLAGS = "";
				USE_HEADERMAP = NO;
				WARNING_CFLAGS = ("$(inherited)");
			};
			name = MinSizeRel;
		};
		6776CBE2F0B74324B8932934 /* RelWithDebInfo */ = {
			isa = XCBuildConfiguration;
			buildSettings = {
				ALWAYS_SEARCH_USER_PATHS = NO;
				ARCHS = arm64;
				COMBINE_HIDPI_IMAGES = YES;
				CONFIGURATION_BUILD_DIR = /Volumes/Projects/GitHUB/projectZERO/build_mac/RelWithDebInfo;
				EXECUTABLE_PREFIX = "";
				EXECUTABLE_SUFFIX = "";
				GCC_GENERATE_DEBUGGING_SYMBOLS = YES;
				GCC_INLINES_ARE_PRIVATE_EXTERN = NO;
				GCC_OPTIMIZATION_LEVEL = 2;
				GCC_PREPROCESSOR_DEFINITIONS = ("'CMAKE_INTDIR=\"$(CONFIGURATION)$(EFFECTIVE_PLATFORM_NAME)\"'","$(inherited)");
				GCC_SYMBOLS_PRIVATE_EXTERN = NO;
				HEADER_SEARCH_PATHS = (/Volumes/Projects/GitHUB/projectZERO/common,/Volumes/Projects/GitHUB/projectZERO/include,"$(inherited)");
				INSTALL_PATH = "";
				LD_RUNPATH_SEARCH_PATHS = ("@executable_path","$(inherited)");
				ONLY_ACTIVE_ARCH = NO;
				OTHER_CPLUSPLUSFLAGS = "       -DNDEBUG '-std=c++17' -fsigned-char ";
				OTHER_LDFLAGS = (" -Wl,-search_paths_first -Wl,-headerpad_max_install_names","$(inherited)");
				OTHER_REZFLAGS = "";
				PRODUCT_NAME = projectZERO;
				SECTORDER_FLAGS = "";
				TARGET_TEMP_DIR = "/Volumes/Projects/GitHUB/projectZERO/build_mac/build/projectZERO.build/$(CONFIGURATION)$(EFFECTIVE_PLATFORM_NAME)";
				USE_HEADERMAP = NO;
				WARNING_CFLAGS = ("$(inherited)");
			};
			name = RelWithDebInfo;
		};
		72993C368602460188506F48 /* Release */ = {
			isa = XCBuildConfiguration;
			buildSettings = {
				ALWAYS_SEARCH_USER_PATHS = NO;
				ARCHS = arm64;
				COMBINE_HIDPI_IMAGES = YES;
				GCC_GENERATE_DEBUGGING_SYMBOLS = YES;
				GCC_INLINES_ARE_PRIVATE_EXTERN = NO;
				GCC_OPTIMIZATION_LEVEL = 0;
				GCC_PREPROCESSOR_DEFINITIONS = ("'CMAKE_INTDIR=\"$(CONFIGURATION)$(EFFECTIVE_PLATFORM_NAME)\"'","$(inherited)");
				GCC_SYMBOLS_PRIVATE_EXTERN = NO;
				INSTALL_PATH = "";
				ONLY_ACTIVE_ARCH = NO;
				OTHER_LDFLAGS = ("","$(inherited)");
				OTHER_REZFLAGS = "";
				PRODUCT_NAME = install;
				SECTORDER_FLAGS = "";
				USE_HEADERMAP = NO;
				WARNING_CFLAGS = ("$(inherited)");
			};
			name = Release;
		};
		7B53AE4497B7411FB71D15F2 /* Debug */ = {
			isa = XCBuildConfiguration;
			buildSettings = {
				ALWAYS_SEARCH_USER_PATHS = NO;
				ARCHS = arm64;
				COMBINE_HIDPI_IMAGES = YES;
				CONFIGURATION_BUILD_DIR = /Volumes/Projects/GitHUB/projectZERO/build_mac/Debug;
				EXECUTABLE_PREFIX = "";
				EXECUTABLE_SUFFIX = "";
				GCC_GENERATE_DEBUGGING_SYMBOLS = YES;
				GCC_INLINES_ARE_PRIVATE_EXTERN = NO;
				GCC_OPTIMIZATION_LEVEL = 0;
				GCC_PREPROCESSOR_DEFINITIONS = ("'CMAKE_INTDIR=\"$(CONFIGURATION)$(EFFECTIVE_PLATFORM_NAME)\"'","$(inherited)");
				GCC_SYMBOLS_PRIVATE_EXTERN = NO;
				HEADER_SEARCH_PATHS = (/Volumes/Projects/GitHUB/projectZERO/common,/Volumes/Projects/GitHUB/projectZERO/include,"$(inherited)");
				INSTALL_PATH = "";
				LD_RUNPATH_SEARCH_PATHS = ("@executable_path","$(inherited)");
				ONLY_ACTIVE_ARCH = NO;
				OTHER_CPLUSPLUSFLAGS = "   '-std=c++17' -fsigned-char ";
				OTHER_LDFLAGS = (" -Wl,-search_paths_first -Wl,-headerpad_max_install_names","$(inherited)");
				OTHER_REZFLAGS = "";
				PRODUCT_NAME = projectZERO;
				SECTORDER_FLAGS = "";
				TARGET_TEMP_DIR = "/Volumes/Projects/GitHUB/projectZERO/build_mac/build/projectZERO.build/$(CONFIGURATION)$(EFFECTIVE_PLATFORM_NAME)";
				USE_HEADERMAP = NO;
				WARNING_CFLAGS = ("$(inherited)");
			};
			name = Debug;
		};
		95F40C682188430E9888BF6D /* MinSizeRel */ = {
			isa = XCBuildConfiguration;
			buildSettings = {
				ARCHS = arm64;
				MACOSX_DEPLOYMENT_TARGET = 13.3;
				SDKROOT = /Applications/Xcode.app/Contents/Developer/Platforms/MacOSX.platform/Developer/SDKs/MacOSX13.3.sdk;
				SWIFT_COMPILATION_MODE = wholemodule;
				SYMROOT = /Volumes/Projects/GitHUB/projectZERO/build_mac/build;
			};
			name = MinSizeRel;
		};
		9CF5012923F24E27BCD1277E /* RelWithDebInfo */ = {
			isa = XCBuildConfiguration;
			buildSettings = {
				ALWAYS_SEARCH_USER_PATHS = NO;
				ARCHS = arm64;
				COMBINE_HIDPI_IMAGES = YES;
				GCC_GENERATE_DEBUGGING_SYMBOLS = YES;
				GCC_INLINES_ARE_PRIVATE_EXTERN = NO;
				GCC_OPTIMIZATION_LEVEL = 0;
				GCC_PREPROCESSOR_DEFINITIONS = ("'CMAKE_INTDIR=\"$(CONFIGURATION)$(EFFECTIVE_PLATFORM_NAME)\"'","$(inherited)");
				GCC_SYMBOLS_PRIVATE_EXTERN = NO;
				INSTALL_PATH = "";
				ONLY_ACTIVE_ARCH = NO;
				OTHER_LDFLAGS = ("","$(inherited)");
				OTHER_REZFLAGS = "";
				PRODUCT_NAME = install;
				SECTORDER_FLAGS = "";
				USE_HEADERMAP = NO;
				WARNING_CFLAGS = ("$(inherited)");
			};
			name = RelWithDebInfo;
		};
		A934CF22C64D4F7BAB85821E /* MinSizeRel */ = {
			isa = XCBuildConfiguration;
			buildSettings = {
				ALWAYS_SEARCH_USER_PATHS = NO;
				ARCHS = arm64;
				COMBINE_HIDPI_IMAGES = YES;
				CONFIGURATION_BUILD_DIR = /Volumes/Projects/GitHUB/projectZERO/build_mac/MinSizeRel;
				EXECUTABLE_PREFIX = "";
				EXECUTABLE_SUFFIX = "";
				GCC_GENERATE_DEBUGGING_SYMBOLS = NO;
				GCC_INLINES_ARE_PRIVATE_EXTERN = NO;
				GCC_OPTIMIZATION_LEVEL = s;
				GCC_PREPROCESSOR_DEFINITIONS = ("'CMAKE_INTDIR=\"$(CONFIGURATION)$(EFFECTIVE_PLATFORM_NAME)\"'","$(inherited)");
				GCC_SYMBOLS_PRIVATE_EXTERN = NO;
				HEADER_SEARCH_PATHS = (/Volumes/Projects/GitHUB/projectZERO/common,/Volumes/Projects/GitHUB/projectZERO/include,"$(inherited)");
				INSTALL_PATH = "";
				LD_RUNPATH_SEARCH_PATHS = ("@executable_path","$(inherited)");
				ONLY_ACTIVE_ARCH = NO;
				OTHER_CPLUSPLUSFLAGS = "    -DNDEBUG '-std=c++17' -fsigned-char ";
				OTHER_LDFLAGS = (" -Wl,-search_paths_first -Wl,-headerpad_max_install_names","$(inherited)");
				OTHER_REZFLAGS = "";
				PRODUCT_NAME = projectZERO;
				SECTORDER_FLAGS = "";
				TARGET_TEMP_DIR = "/Volumes/Projects/GitHUB/projectZERO/build_mac/build/projectZERO.build/$(CONFIGURATION)$(EFFECTIVE_PLATFORM_NAME)";
				USE_HEADERMAP = NO;
				WARNING_CFLAGS = ("$(inherited)");
			};
			name = MinSizeRel;
		};
		B3FBEDA51BB946D5825D3D5E /* Debug */ = {
			isa = XCBuildConfiguration;
			buildSettings = {
				ALWAYS_SEARCH_USER_PATHS = NO;
				ARCHS = arm64;
				COMBINE_HIDPI_IMAGES = YES;
				GCC_GENERATE_DEBUGGING_SYMBOLS = YES;
				GCC_INLINES_ARE_PRIVATE_EXTERN = NO;
				GCC_OPTIMIZATION_LEVEL = 0;
				GCC_PREPROCESSOR_DEFINITIONS = ("'CMAKE_INTDIR=\"$(CONFIGURATION)$(EFFECTIVE_PLATFORM_NAME)\"'","$(inherited)");
				GCC_SYMBOLS_PRIVATE_EXTERN = NO;
				INSTALL_PATH = "";
				ONLY_ACTIVE_ARCH = NO;
				OTHER_LDFLAGS = ("","$(inherited)");
				OTHER_REZFLAGS = "";
				PRODUCT_NAME = ZERO_CHECK;
				SECTORDER_FLAGS = "";
				USE_HEADERMAP = NO;
				WARNING_CFLAGS = ("$(inherited)");
			};
			name = Debug;
		};
		D4D942888682408BA6EE3389 /* RelWithDebInfo */ = {
			isa = XCBuildConfiguration;
			buildSettings = {
				ALWAYS_SEARCH_USER_PATHS = NO;
				ARCHS = arm64;
				COMBINE_HIDPI_IMAGES = YES;
				GCC_GENERATE_DEBUGGING_SYMBOLS = YES;
				GCC_INLINES_ARE_PRIVATE_EXTERN = NO;
				GCC_OPTIMIZATION_LEVEL = 0;
				GCC_PREPROCESSOR_DEFINITIONS = ("'CMAKE_INTDIR=\"$(CONFIGURATION)$(EFFECTIVE_PLATFORM_NAME)\"'","$(inherited)");
				GCC_SYMBOLS_PRIVATE_EXTERN = NO;
				INSTALL_PATH = "";
				ONLY_ACTIVE_ARCH = NO;
				OTHER_LDFLAGS = ("","$(inherited)");
				OTHER_REZFLAGS = "";
				PRODUCT_NAME = ZERO_CHECK;
				SECTORDER_FLAGS = "";
				USE_HEADERMAP = NO;
				WARNING_CFLAGS = ("$(inherited)");
			};
			name = RelWithDebInfo;
		};
		D92BF511866342E7B4C41BD9 /* Release */ = {
			isa = XCBuildConfiguration;
			buildSettings = {
				ALWAYS_SEARCH_USER_PATHS = NO;
				ARCHS = arm64;
				COMBINE_HIDPI_IMAGES = YES;
				CONFIGURATION_BUILD_DIR = /Volumes/Projects/GitHUB/projectZERO/build_mac/Release;
				EXECUTABLE_PREFIX = "";
				EXECUTABLE_SUFFIX = "";
				GCC_GENERATE_DEBUGGING_SYMBOLS = NO;
				GCC_INLINES_ARE_PRIVATE_EXTERN = NO;
				GCC_OPTIMIZATION_LEVEL = 3;
				GCC_PREPROCESSOR_DEFINITIONS = ("'CMAKE_INTDIR=\"$(CONFIGURATION)$(EFFECTIVE_PLATFORM_NAME)\"'","$(inherited)");
				GCC_SYMBOLS_PRIVATE_EXTERN = NO;
				HEADER_SEARCH_PATHS = (/Volumes/Projects/GitHUB/projectZERO/common,/Volumes/Projects/GitHUB/projectZERO/include,"$(inherited)");
				INSTALL_PATH = "";
				LD_RUNPATH_SEARCH_PATHS = ("@executable_path","$(inherited)");
				ONLY_ACTIVE_ARCH = NO;
				OTHER_CPLUSPLUSFLAGS = "    -DNDEBUG '-std=c++17' -fsigned-char ";
				OTHER_LDFLAGS = (" -Wl,-search_paths_first -Wl,-headerpad_max_install_names","$(inherited)");
				OTHER_REZFLAGS = "";
				PRODUCT_NAME = projectZERO;
				SECTORDER_FLAGS = "";
				TARGET_TEMP_DIR = "/Volumes/Projects/GitHUB/projectZERO/build_mac/build/projectZERO.build/$(CONFIGURATION)$(EFFECTIVE_PLATFORM_NAME)";
				USE_HEADERMAP = NO;
				WARNING_CFLAGS = ("$(inherited)");
			};
			name = Release;
		};
		D976FAD0C416405E80806B60 /* Release */ = {
			isa = XCBuildConfiguration;
			buildSettings = {
				ARCHS = arm64;
				MACOSX_DEPLOYMENT_TARGET = 13.3;
				SDKROOT = /Applications/Xcode.app/Contents/Developer/Platforms/MacOSX.platform/Developer/SDKs/MacOSX13.3.sdk;
				SWIFT_COMPILATION_MODE = wholemodule;
				SYMROOT = /Volumes/Projects/GitHUB/projectZERO/build_mac/build;
			};
			name = Release;
		};
		DD8868AFDE3E4D37B2D2D547 /* Debug */ = {
			isa = XCBuildConfiguration;
			buildSettings = {
				ARCHS = arm64;
				MACOSX_DEPLOYMENT_TARGET = 13.3;
				SDKROOT = /Applications/Xcode.app/Contents/Developer/Platforms/MacOSX.platform/Developer/SDKs/MacOSX13.3.sdk;
				SYMROOT = /Volumes/Projects/GitHUB/projectZERO/build_mac/build;
			};
			name = Debug;
		};
/* End XCBuildConfiguration section */

/* Begin XCConfigurationList section */
		1D9E60F4F7B44DC79E226240 /* Build configuration list for PBXAggregateTarget "ALL_BUILD" */ = {
			isa = XCConfigurationList;
			buildConfigurations = (
				2B9CF6B146CF49BCBE9AF62D /* Debug */,
				2098887995B34D4A9C87D785 /* Release */,
				55C1341F75434B3CBAC3D00B /* MinSizeRel */,
				3FE43DBDB5184EE7AA2A6954 /* RelWithDebInfo */,
			);
			defaultConfigurationIsVisible = 0;
			defaultConfigurationName = Debug;
		};
		3648AD02E2914B4EB66F7B20 /* Build configuration list for PBXNativeTarget "projectZERO" */ = {
			isa = XCConfigurationList;
			buildConfigurations = (
				7B53AE4497B7411FB71D15F2 /* Debug */,
				D92BF511866342E7B4C41BD9 /* Release */,
				A934CF22C64D4F7BAB85821E /* MinSizeRel */,
				6776CBE2F0B74324B8932934 /* RelWithDebInfo */,
			);
			defaultConfigurationIsVisible = 0;
			defaultConfigurationName = Debug;
		};
		8E293ACB7DA84D8493BB2C1C /* Build configuration list for PBXAggregateTarget "install" */ = {
			isa = XCConfigurationList;
			buildConfigurations = (
				402D059C0C7844AEBA34F9CD /* Debug */,
				72993C368602460188506F48 /* Release */,
				0C2FEFB4794340D285B8506F /* MinSizeRel */,
				9CF5012923F24E27BCD1277E /* RelWithDebInfo */,
			);
			defaultConfigurationIsVisible = 0;
			defaultConfigurationName = Debug;
		};
		9943B1A20E3643559EA81778 /* Build configuration list for PBXProject "projectZERO" */ = {
			isa = XCConfigurationList;
			buildConfigurations = (
				DD8868AFDE3E4D37B2D2D547 /* Debug */,
				D976FAD0C416405E80806B60 /* Release */,
				95F40C682188430E9888BF6D /* MinSizeRel */,
				0E5468A76B5F41B2961607DB /* RelWithDebInfo */,
			);
			defaultConfigurationIsVisible = 0;
			defaultConfigurationName = Debug;
		};
		BDBC9E667E394897973E9655 /* Build configuration list for PBXAggregateTarget "ZERO_CHECK" */ = {
			isa = XCConfigurationList;
			buildConfigurations = (
				B3FBEDA51BB946D5825D3D5E /* Debug */,
				49C397711ABC43C881A4BB60 /* Release */,
				3F4A3540D04D4D9A825F5F4E /* MinSizeRel */,
				D4D942888682408BA6EE3389 /* RelWithDebInfo */,
			);
			defaultConfigurationIsVisible = 0;
			defaultConfigurationName = Debug;
		};
/* End XCConfigurationList section */
	};
	rootObject = 3B2422B79747455BA57B8F64 /* Project object */;
}
